<?xml version="1.0" encoding="utf-8"?>
<Project ToolsVersion="4.0" xmlns="http://schemas.microsoft.com/developer/msbuild/2003">
  <ItemGroup>
    <Text Include="ReadMe.txt" />
  </ItemGroup>
  <ItemGroup>
    <Filter Include="test">
      <UniqueIdentifier>{e2de5fa3-52d2-45f9-b539-83481cc4bf2c}</UniqueIdentifier>
    </Filter>
  </ItemGroup>
  <ItemGroup>
    <ClCompile Include="..\..\test\allocator_test.cpp">
      <Filter>test</Filter>
    </ClCompile>
    <ClCompile Include="main.cpp" />
    <ClCompile Include="..\..\test\array_test.cpp">
      <Filter>test</Filter>
    </ClCompile>
    <ClCompile Include="..\..\test\linked_list_test.cpp">
      <Filter>test</Filter>
    </ClCompile>
    <ClCompile Include="..\..\test\string_test.cpp">
      <Filter>test</Filter>
    </ClCompile>
    <ClCompile Include="..\..\test\function_test.cpp">
      <Filter>test</Filter>
    </ClCompile>
    <ClCompile Include="..\..\test\thread_test.cpp">
      <Filter>test</Filter>
    </ClCompile>
    <ClCompile Include="..\..\test\mutex_test.cpp">
      <Filter>test</Filter>
    </ClCompile>
    <ClCompile Include="..\..\test\test_base.cpp">
      <Filter>test</Filter>
    </ClCompile>
    <ClCompile Include="..\..\test\loop_thread_test.cpp">
      <Filter>test</Filter>
    </ClCompile>
    <ClCompile Include="..\..\test\wait_test.cpp">
      <Filter>test</Filter>
    </ClCompile>
  </ItemGroup>
  <ItemGroup>
    <ClInclude Include="..\..\test\test_base.h">
      <Filter>test</Filter>
    </ClInclude>
  </ItemGroup>
</Project>