// !$*UTF8*$!
{
	archiveVersion = 1;
	classes = {
	};
	objectVersion = 46;
	objects = {

/* Begin PBXBuildFile section */
		D60284A31858CD6B00CE5EC5 /* Foundation.framework in Frameworks */ = {isa = PBXBuildFile; fileRef = D667FBB9184CE7AC00404D8D /* Foundation.framework */; };
		D60284A51858CD6B00CE5EC5 /* CoreGraphics.framework in Frameworks */ = {isa = PBXBuildFile; fileRef = D60284A41858CD6B00CE5EC5 /* CoreGraphics.framework */; };
		D60284A61858CD6B00CE5EC5 /* UIKit.framework in Frameworks */ = {isa = PBXBuildFile; fileRef = D667FBCA184CE7AC00404D8D /* UIKit.framework */; };
		D60284D0185A108F00CE5EC5 /* ICKTestAppDelegate.m in Sources */ = {isa = PBXBuildFile; fileRef = D60284CF185A108F00CE5EC5 /* ICKTestAppDelegate.m */; };
		D60284D4185A119300CE5EC5 /* ICKTestAppMainViewController.mm in Sources */ = {isa = PBXBuildFile; fileRef = D60284D2185A119300CE5EC5 /* ICKTestAppMainViewController.mm */; };
		D60284D5185A119300CE5EC5 /* ICKTestAppMainViewController.xib in Resources */ = {isa = PBXBuildFile; fileRef = D60284D3185A119300CE5EC5 /* ICKTestAppMainViewController.xib */; };
		D60284E41860B31B00CE5EC5 /* allocator_test.cpp in Sources */ = {isa = PBXBuildFile; fileRef = D60284D71860B2EE00CE5EC5 /* allocator_test.cpp */; };
		D60284E51860B31B00CE5EC5 /* array_test.cpp in Sources */ = {isa = PBXBuildFile; fileRef = D60284D81860B2EE00CE5EC5 /* array_test.cpp */; };
		D60284E61860B31B00CE5EC5 /* linked_list_test.cpp in Sources */ = {isa = PBXBuildFile; fileRef = D60284D91860B2EE00CE5EC5 /* linked_list_test.cpp */; };
		D60284E71860B31B00CE5EC5 /* string_test.cpp in Sources */ = {isa = PBXBuildFile; fileRef = D60284DA1860B2EE00CE5EC5 /* string_test.cpp */; };
		D60284E81860B31B00CE5EC5 /* allocator_test.cpp in Sources */ = {isa = PBXBuildFile; fileRef = D60284D71860B2EE00CE5EC5 /* allocator_test.cpp */; };
		D60284E91860B31B00CE5EC5 /* array_test.cpp in Sources */ = {isa = PBXBuildFile; fileRef = D60284D81860B2EE00CE5EC5 /* array_test.cpp */; };
		D60284EA1860B31B00CE5EC5 /* linked_list_test.cpp in Sources */ = {isa = PBXBuildFile; fileRef = D60284D91860B2EE00CE5EC5 /* linked_list_test.cpp */; };
		D60284EB1860B31B00CE5EC5 /* string_test.cpp in Sources */ = {isa = PBXBuildFile; fileRef = D60284DA1860B2EE00CE5EC5 /* string_test.cpp */; };
		D60284F11860B35900CE5EC5 /* libIronCakeiOS.a in Frameworks */ = {isa = PBXBuildFile; fileRef = D667FBB6184CE7AC00404D8D /* libIronCakeiOS.a */; };
		D60284FB1860B6FB00CE5EC5 /* libgtest.a in Frameworks */ = {isa = PBXBuildFile; fileRef = D60284971858CBE200CE5EC5 /* libgtest.a */; };
		D60285041860B95700CE5EC5 /* libIronCakeMac.a in Frameworks */ = {isa = PBXBuildFile; fileRef = D667FBE3184CE84600404D8D /* libIronCakeMac.a */; };
		D60285061860BA7700CE5EC5 /* main.cpp in Sources */ = {isa = PBXBuildFile; fileRef = D60285051860BA7700CE5EC5 /* main.cpp */; };
		D602850C1860BAEB00CE5EC5 /* InfoPlist.strings in Resources */ = {isa = PBXBuildFile; fileRef = D60285081860BAEB00CE5EC5 /* InfoPlist.strings */; };
		D602850D1860BAEB00CE5EC5 /* main.mm in Sources */ = {isa = PBXBuildFile; fileRef = D602850A1860BAEB00CE5EC5 /* main.mm */; };
		D602850E1860BAEB00CE5EC5 /* TestiOS-info.plist in Resources */ = {isa = PBXBuildFile; fileRef = D602850B1860BAEB00CE5EC5 /* TestiOS-info.plist */; };
		D60285101860BAF300CE5EC5 /* Images.xcassets in Resources */ = {isa = PBXBuildFile; fileRef = D602850F1860BAF300CE5EC5 /* Images.xcassets */; };
		D60285121860BBB400CE5EC5 /* libgtest-ios.a in Frameworks */ = {isa = PBXBuildFile; fileRef = D60285111860BBB400CE5EC5 /* libgtest-ios.a */; };
		D63ABDC91855FCAC004349F8 /* string.cpp in Sources */ = {isa = PBXBuildFile; fileRef = D63ABDC71855FCAC004349F8 /* string.cpp */; };
		D63ABDCA1855FCAC004349F8 /* string.cpp in Sources */ = {isa = PBXBuildFile; fileRef = D63ABDC71855FCAC004349F8 /* string.cpp */; };
		D63ABDCB1855FCAC004349F8 /* string.h in Headers */ = {isa = PBXBuildFile; fileRef = D63ABDC81855FCAC004349F8 /* string.h */; };
		D667FBBA184CE7AC00404D8D /* Foundation.framework in Frameworks */ = {isa = PBXBuildFile; fileRef = D667FBB9184CE7AC00404D8D /* Foundation.framework */; };
		D667FBE5184CE84600404D8D /* Cocoa.framework in Frameworks */ = {isa = PBXBuildFile; fileRef = D667FBE4184CE84600404D8D /* Cocoa.framework */; };
		D667FC6D184E490C00404D8D /* abort.cpp in Sources */ = {isa = PBXBuildFile; fileRef = D667FC5A184E490C00404D8D /* abort.cpp */; };
		D667FC6E184E490C00404D8D /* abort.cpp in Sources */ = {isa = PBXBuildFile; fileRef = D667FC5A184E490C00404D8D /* abort.cpp */; };
		D667FC6F184E490C00404D8D /* abort.h in Headers */ = {isa = PBXBuildFile; fileRef = D667FC5B184E490C00404D8D /* abort.h */; };
		D667FC70184E490C00404D8D /* allocator.cpp in Sources */ = {isa = PBXBuildFile; fileRef = D667FC5C184E490C00404D8D /* allocator.cpp */; };
		D667FC71184E490C00404D8D /* allocator.cpp in Sources */ = {isa = PBXBuildFile; fileRef = D667FC5C184E490C00404D8D /* allocator.cpp */; };
		D667FC72184E490C00404D8D /* allocator.h in Headers */ = {isa = PBXBuildFile; fileRef = D667FC5D184E490C00404D8D /* allocator.h */; };
		D667FC73184E490C00404D8D /* assert.cpp in Sources */ = {isa = PBXBuildFile; fileRef = D667FC5E184E490C00404D8D /* assert.cpp */; };
		D667FC74184E490C00404D8D /* assert.cpp in Sources */ = {isa = PBXBuildFile; fileRef = D667FC5E184E490C00404D8D /* assert.cpp */; };
		D667FC75184E490C00404D8D /* assert.h in Headers */ = {isa = PBXBuildFile; fileRef = D667FC5F184E490C00404D8D /* assert.h */; };
		D667FC76184E490C00404D8D /* compiler.h in Headers */ = {isa = PBXBuildFile; fileRef = D667FC60184E490C00404D8D /* compiler.h */; };
		D667FC77184E490C00404D8D /* crt.cpp in Sources */ = {isa = PBXBuildFile; fileRef = D667FC61184E490C00404D8D /* crt.cpp */; };
		D667FC78184E490C00404D8D /* crt.cpp in Sources */ = {isa = PBXBuildFile; fileRef = D667FC61184E490C00404D8D /* crt.cpp */; };
		D667FC79184E490C00404D8D /* crt.h in Headers */ = {isa = PBXBuildFile; fileRef = D667FC62184E490C00404D8D /* crt.h */; };
		D667FC7A184E490C00404D8D /* cstr.cpp in Sources */ = {isa = PBXBuildFile; fileRef = D667FC63184E490C00404D8D /* cstr.cpp */; };
		D667FC7B184E490C00404D8D /* cstr.cpp in Sources */ = {isa = PBXBuildFile; fileRef = D667FC63184E490C00404D8D /* cstr.cpp */; };
		D667FC7C184E490C00404D8D /* cstr.h in Headers */ = {isa = PBXBuildFile; fileRef = D667FC64184E490C00404D8D /* cstr.h */; };
		D667FC7D184E490C00404D8D /* linked_list.cpp in Sources */ = {isa = PBXBuildFile; fileRef = D667FC65184E490C00404D8D /* linked_list.cpp */; };
		D667FC7E184E490C00404D8D /* linked_list.cpp in Sources */ = {isa = PBXBuildFile; fileRef = D667FC65184E490C00404D8D /* linked_list.cpp */; };
		D667FC7F184E490C00404D8D /* linked_list.h in Headers */ = {isa = PBXBuildFile; fileRef = D667FC66184E490C00404D8D /* linked_list.h */; };
		D667FC80184E490C00404D8D /* log.cpp in Sources */ = {isa = PBXBuildFile; fileRef = D667FC67184E490C00404D8D /* log.cpp */; };
		D667FC81184E490C00404D8D /* log.cpp in Sources */ = {isa = PBXBuildFile; fileRef = D667FC67184E490C00404D8D /* log.cpp */; };
		D667FC82184E490C00404D8D /* log.h in Headers */ = {isa = PBXBuildFile; fileRef = D667FC68184E490C00404D8D /* log.h */; };
		D667FC83184E490C00404D8D /* macro.h in Headers */ = {isa = PBXBuildFile; fileRef = D667FC69184E490C00404D8D /* macro.h */; };
		D667FC84184E490C00404D8D /* memory.cpp in Sources */ = {isa = PBXBuildFile; fileRef = D667FC6A184E490C00404D8D /* memory.cpp */; };
		D667FC85184E490C00404D8D /* memory.cpp in Sources */ = {isa = PBXBuildFile; fileRef = D667FC6A184E490C00404D8D /* memory.cpp */; };
		D667FC86184E490C00404D8D /* memory.h in Headers */ = {isa = PBXBuildFile; fileRef = D667FC6B184E490C00404D8D /* memory.h */; };
		D667FC87184E490C00404D8D /* platform.h in Headers */ = {isa = PBXBuildFile; fileRef = D667FC6C184E490C00404D8D /* platform.h */; };
		D667FC8D184E512300404D8D /* ick.cpp in Sources */ = {isa = PBXBuildFile; fileRef = D667FC8B184E512300404D8D /* ick.cpp */; };
		D667FC8E184E512300404D8D /* ick.cpp in Sources */ = {isa = PBXBuildFile; fileRef = D667FC8B184E512300404D8D /* ick.cpp */; };
		D667FC8F184E512300404D8D /* ick.h in Headers */ = {isa = PBXBuildFile; fileRef = D667FC8C184E512300404D8D /* ick.h */; };
		D667FC91184F95DD00404D8D /* std.h in Headers */ = {isa = PBXBuildFile; fileRef = D667FC90184F95DD00404D8D /* std.h */; };
		D667FC981852232300404D8D /* array.cpp in Sources */ = {isa = PBXBuildFile; fileRef = D667FC961852232300404D8D /* array.cpp */; };
		D667FC991852232300404D8D /* array.cpp in Sources */ = {isa = PBXBuildFile; fileRef = D667FC961852232300404D8D /* array.cpp */; };
		D667FC9A1852232300404D8D /* array.h in Headers */ = {isa = PBXBuildFile; fileRef = D667FC971852232300404D8D /* array.h */; };
		D667FCA2185231AE00404D8D /* math.cpp in Sources */ = {isa = PBXBuildFile; fileRef = D667FCA0185231AE00404D8D /* math.cpp */; };
		D667FCA3185231AE00404D8D /* math.cpp in Sources */ = {isa = PBXBuildFile; fileRef = D667FCA0185231AE00404D8D /* math.cpp */; };
		D667FCA4185231AE00404D8D /* math.h in Headers */ = {isa = PBXBuildFile; fileRef = D667FCA1185231AE00404D8D /* math.h */; };
		D667FCA918523C9600404D8D /* build.h in Headers */ = {isa = PBXBuildFile; fileRef = D667FCA818523C9600404D8D /* build.h */; };
		D667FCAB1852520600404D8D /* array_decl.h in Headers */ = {isa = PBXBuildFile; fileRef = D667FCAA1852520600404D8D /* array_decl.h */; };
/* End PBXBuildFile section */

/* Begin PBXContainerItemProxy section */
		D60284ED1860B34F00CE5EC5 /* PBXContainerItemProxy */ = {
			isa = PBXContainerItemProxy;
			containerPortal = D667FBAE184CE7AC00404D8D /* Project object */;
			proxyType = 1;
			remoteGlobalIDString = D667FBE2184CE84600404D8D;
			remoteInfo = IronCakeMac;
		};
		D60284EF1860B35300CE5EC5 /* PBXContainerItemProxy */ = {
			isa = PBXContainerItemProxy;
			containerPortal = D667FBAE184CE7AC00404D8D /* Project object */;
			proxyType = 1;
			remoteGlobalIDString = D667FBB5184CE7AC00404D8D;
			remoteInfo = IronCakeiOS;
		};
/* End PBXContainerItemProxy section */

/* Begin PBXCopyFilesBuildPhase section */
		D667FBB4184CE7AC00404D8D /* CopyFiles */ = {
			isa = PBXCopyFilesBuildPhase;
			buildActionMask = 2147483647;
			dstPath = "include/$(PRODUCT_NAME)";
			dstSubfolderSpec = 16;
			files = (
			);
			runOnlyForDeploymentPostprocessing = 0;
		};
/* End PBXCopyFilesBuildPhase section */

/* Begin PBXFileReference section */
		D60284971858CBE200CE5EC5 /* libgtest.a */ = {isa = PBXFileReference; lastKnownFileType = archive.ar; name = libgtest.a; path = "../../../../../Library/Developer/Xcode/DerivedData/IronCake-emfqkmnunqhkvyczwvcyitznypja/Build/Products/Debug/libgtest.a"; sourceTree = "<group>"; };
		D60284A21858CD6B00CE5EC5 /* TestiOS.app */ = {isa = PBXFileReference; explicitFileType = wrapper.application; includeInIndex = 0; path = TestiOS.app; sourceTree = BUILT_PRODUCTS_DIR; };
		D60284A41858CD6B00CE5EC5 /* CoreGraphics.framework */ = {isa = PBXFileReference; lastKnownFileType = wrapper.framework; name = CoreGraphics.framework; path = System/Library/Frameworks/CoreGraphics.framework; sourceTree = SDKROOT; };
		D60284CE185A108F00CE5EC5 /* ICKTestAppDelegate.h */ = {isa = PBXFileReference; fileEncoding = 4; lastKnownFileType = sourcecode.c.h; path = ICKTestAppDelegate.h; sourceTree = "<group>"; };
		D60284CF185A108F00CE5EC5 /* ICKTestAppDelegate.m */ = {isa = PBXFileReference; fileEncoding = 4; lastKnownFileType = sourcecode.c.objc; path = ICKTestAppDelegate.m; sourceTree = "<group>"; };
		D60284D1185A119300CE5EC5 /* ICKTestAppMainViewController.h */ = {isa = PBXFileReference; fileEncoding = 4; lastKnownFileType = sourcecode.c.h; path = ICKTestAppMainViewController.h; sourceTree = "<group>"; };
		D60284D2185A119300CE5EC5 /* ICKTestAppMainViewController.mm */ = {isa = PBXFileReference; fileEncoding = 4; lastKnownFileType = sourcecode.cpp.objcpp; path = ICKTestAppMainViewController.mm; sourceTree = "<group>"; };
		D60284D3185A119300CE5EC5 /* ICKTestAppMainViewController.xib */ = {isa = PBXFileReference; fileEncoding = 4; lastKnownFileType = file.xib; path = ICKTestAppMainViewController.xib; sourceTree = "<group>"; };
		D60284D71860B2EE00CE5EC5 /* allocator_test.cpp */ = {isa = PBXFileReference; fileEncoding = 4; lastKnownFileType = sourcecode.cpp.cpp; name = allocator_test.cpp; path = ../test/allocator_test.cpp; sourceTree = "<group>"; };
		D60284D81860B2EE00CE5EC5 /* array_test.cpp */ = {isa = PBXFileReference; fileEncoding = 4; lastKnownFileType = sourcecode.cpp.cpp; name = array_test.cpp; path = ../test/array_test.cpp; sourceTree = "<group>"; };
		D60284D91860B2EE00CE5EC5 /* linked_list_test.cpp */ = {isa = PBXFileReference; fileEncoding = 4; lastKnownFileType = sourcecode.cpp.cpp; name = linked_list_test.cpp; path = ../test/linked_list_test.cpp; sourceTree = "<group>"; };
		D60284DA1860B2EE00CE5EC5 /* string_test.cpp */ = {isa = PBXFileReference; fileEncoding = 4; lastKnownFileType = sourcecode.cpp.cpp; name = string_test.cpp; path = ../test/string_test.cpp; sourceTree = "<group>"; };
		D60284DB1860B2EE00CE5EC5 /* test_base.h */ = {isa = PBXFileReference; fileEncoding = 4; lastKnownFileType = sourcecode.c.h; name = test_base.h; path = ../test/test_base.h; sourceTree = "<group>"; };
		D60284FC1860B70000CE5EC5 /* libgtest_main.a */ = {isa = PBXFileReference; lastKnownFileType = archive.ar; name = libgtest_main.a; path = "../../../../../Library/Developer/Xcode/DerivedData/IronCake-emfqkmnunqhkvyczwvcyitznypja/Build/Products/Debug/libgtest_main.a"; sourceTree = "<group>"; };
		D60285051860BA7700CE5EC5 /* main.cpp */ = {isa = PBXFileReference; fileEncoding = 4; lastKnownFileType = sourcecode.cpp.cpp; path = main.cpp; sourceTree = "<group>"; };
		D60285091860BAEB00CE5EC5 /* en */ = {isa = PBXFileReference; lastKnownFileType = text.plist.strings; name = en; path = InfoPlist.strings; sourceTree = "<group>"; };
		D602850A1860BAEB00CE5EC5 /* main.mm */ = {isa = PBXFileReference; fileEncoding = 4; lastKnownFileType = sourcecode.cpp.objcpp; path = main.mm; sourceTree = "<group>"; };
		D602850B1860BAEB00CE5EC5 /* TestiOS-info.plist */ = {isa = PBXFileReference; fileEncoding = 4; lastKnownFileType = text.plist.xml; path = "TestiOS-info.plist"; sourceTree = "<group>"; };
		D602850F1860BAF300CE5EC5 /* Images.xcassets */ = {isa = PBXFileReference; lastKnownFileType = folder.assetcatalog; path = Images.xcassets; sourceTree = "<group>"; };
		D60285111860BBB400CE5EC5 /* libgtest-ios.a */ = {isa = PBXFileReference; lastKnownFileType = file; name = "libgtest-ios.a"; path = "../libs/googletest/xcode/build/Debug-iphoneos/libgtest-ios.a"; sourceTree = "<group>"; };
		D6079B7E1858C01600DFDEAA /* MacTest */ = {isa = PBXFileReference; explicitFileType = "compiled.mach-o.executable"; includeInIndex = 0; path = MacTest; sourceTree = BUILT_PRODUCTS_DIR; };
		D63ABDC71855FCAC004349F8 /* string.cpp */ = {isa = PBXFileReference; fileEncoding = 4; lastKnownFileType = sourcecode.cpp.cpp; path = string.cpp; sourceTree = "<group>"; };
		D63ABDC81855FCAC004349F8 /* string.h */ = {isa = PBXFileReference; fileEncoding = 4; lastKnownFileType = sourcecode.c.h; path = string.h; sourceTree = "<group>"; };
		D667FBB6184CE7AC00404D8D /* libIronCakeiOS.a */ = {isa = PBXFileReference; explicitFileType = archive.ar; includeInIndex = 0; path = libIronCakeiOS.a; sourceTree = BUILT_PRODUCTS_DIR; };
		D667FBB9184CE7AC00404D8D /* Foundation.framework */ = {isa = PBXFileReference; lastKnownFileType = wrapper.framework; name = Foundation.framework; path = System/Library/Frameworks/Foundation.framework; sourceTree = SDKROOT; };
		D667FBC7184CE7AC00404D8D /* XCTest.framework */ = {isa = PBXFileReference; lastKnownFileType = wrapper.framework; name = XCTest.framework; path = Library/Frameworks/XCTest.framework; sourceTree = DEVELOPER_DIR; };
		D667FBCA184CE7AC00404D8D /* UIKit.framework */ = {isa = PBXFileReference; lastKnownFileType = wrapper.framework; name = UIKit.framework; path = Library/Frameworks/UIKit.framework; sourceTree = DEVELOPER_DIR; };
		D667FBE3184CE84600404D8D /* libIronCakeMac.a */ = {isa = PBXFileReference; explicitFileType = archive.ar; includeInIndex = 0; path = libIronCakeMac.a; sourceTree = BUILT_PRODUCTS_DIR; };
		D667FBE4184CE84600404D8D /* Cocoa.framework */ = {isa = PBXFileReference; lastKnownFileType = wrapper.framework; name = Cocoa.framework; path = Library/Frameworks/Cocoa.framework; sourceTree = DEVELOPER_DIR; };
		D667FBE7184CE84600404D8D /* Foundation.framework */ = {isa = PBXFileReference; lastKnownFileType = wrapper.framework; name = Foundation.framework; path = Library/Frameworks/Foundation.framework; sourceTree = SDKROOT; };
		D667FBE8184CE84600404D8D /* CoreData.framework */ = {isa = PBXFileReference; lastKnownFileType = wrapper.framework; name = CoreData.framework; path = Library/Frameworks/CoreData.framework; sourceTree = SDKROOT; };
		D667FBE9184CE84600404D8D /* AppKit.framework */ = {isa = PBXFileReference; lastKnownFileType = wrapper.framework; name = AppKit.framework; path = Library/Frameworks/AppKit.framework; sourceTree = SDKROOT; };
		D667FC5A184E490C00404D8D /* abort.cpp */ = {isa = PBXFileReference; fileEncoding = 4; lastKnownFileType = sourcecode.cpp.cpp; path = abort.cpp; sourceTree = "<group>"; };
		D667FC5B184E490C00404D8D /* abort.h */ = {isa = PBXFileReference; fileEncoding = 4; lastKnownFileType = sourcecode.c.h; path = abort.h; sourceTree = "<group>"; };
		D667FC5C184E490C00404D8D /* allocator.cpp */ = {isa = PBXFileReference; fileEncoding = 4; lastKnownFileType = sourcecode.cpp.cpp; path = allocator.cpp; sourceTree = "<group>"; };
		D667FC5D184E490C00404D8D /* allocator.h */ = {isa = PBXFileReference; fileEncoding = 4; lastKnownFileType = sourcecode.c.h; path = allocator.h; sourceTree = "<group>"; };
		D667FC5E184E490C00404D8D /* assert.cpp */ = {isa = PBXFileReference; fileEncoding = 4; lastKnownFileType = sourcecode.cpp.cpp; path = assert.cpp; sourceTree = "<group>"; };
		D667FC5F184E490C00404D8D /* assert.h */ = {isa = PBXFileReference; fileEncoding = 4; lastKnownFileType = sourcecode.c.h; path = assert.h; sourceTree = "<group>"; };
		D667FC60184E490C00404D8D /* compiler.h */ = {isa = PBXFileReference; fileEncoding = 4; lastKnownFileType = sourcecode.c.h; path = compiler.h; sourceTree = "<group>"; };
		D667FC61184E490C00404D8D /* crt.cpp */ = {isa = PBXFileReference; fileEncoding = 4; lastKnownFileType = sourcecode.cpp.cpp; path = crt.cpp; sourceTree = "<group>"; };
		D667FC62184E490C00404D8D /* crt.h */ = {isa = PBXFileReference; fileEncoding = 4; lastKnownFileType = sourcecode.c.h; path = crt.h; sourceTree = "<group>"; };
		D667FC63184E490C00404D8D /* cstr.cpp */ = {isa = PBXFileReference; fileEncoding = 4; lastKnownFileType = sourcecode.cpp.cpp; path = cstr.cpp; sourceTree = "<group>"; };
		D667FC64184E490C00404D8D /* cstr.h */ = {isa = PBXFileReference; fileEncoding = 4; lastKnownFileType = sourcecode.c.h; path = cstr.h; sourceTree = "<group>"; };
		D667FC65184E490C00404D8D /* linked_list.cpp */ = {isa = PBXFileReference; fileEncoding = 4; lastKnownFileType = sourcecode.cpp.cpp; path = linked_list.cpp; sourceTree = "<group>"; };
		D667FC66184E490C00404D8D /* linked_list.h */ = {isa = PBXFileReference; fileEncoding = 4; lastKnownFileType = sourcecode.c.h; path = linked_list.h; sourceTree = "<group>"; };
		D667FC67184E490C00404D8D /* log.cpp */ = {isa = PBXFileReference; fileEncoding = 4; lastKnownFileType = sourcecode.cpp.cpp; path = log.cpp; sourceTree = "<group>"; };
		D667FC68184E490C00404D8D /* log.h */ = {isa = PBXFileReference; fileEncoding = 4; lastKnownFileType = sourcecode.c.h; path = log.h; sourceTree = "<group>"; };
		D667FC69184E490C00404D8D /* macro.h */ = {isa = PBXFileReference; fileEncoding = 4; lastKnownFileType = sourcecode.c.h; path = macro.h; sourceTree = "<group>"; };
		D667FC6A184E490C00404D8D /* memory.cpp */ = {isa = PBXFileReference; fileEncoding = 4; lastKnownFileType = sourcecode.cpp.cpp; path = memory.cpp; sourceTree = "<group>"; };
		D667FC6B184E490C00404D8D /* memory.h */ = {isa = PBXFileReference; fileEncoding = 4; lastKnownFileType = sourcecode.c.h; path = memory.h; sourceTree = "<group>"; };
		D667FC6C184E490C00404D8D /* platform.h */ = {isa = PBXFileReference; fileEncoding = 4; lastKnownFileType = sourcecode.c.h; path = platform.h; sourceTree = "<group>"; };
		D667FC8B184E512300404D8D /* ick.cpp */ = {isa = PBXFileReference; fileEncoding = 4; lastKnownFileType = sourcecode.cpp.cpp; path = ick.cpp; sourceTree = "<group>"; };
		D667FC8C184E512300404D8D /* ick.h */ = {isa = PBXFileReference; fileEncoding = 4; lastKnownFileType = sourcecode.c.h; path = ick.h; sourceTree = "<group>"; };
		D667FC90184F95DD00404D8D /* std.h */ = {isa = PBXFileReference; fileEncoding = 4; lastKnownFileType = sourcecode.c.h; path = std.h; sourceTree = "<group>"; };
		D667FC961852232300404D8D /* array.cpp */ = {isa = PBXFileReference; fileEncoding = 4; lastKnownFileType = sourcecode.cpp.cpp; path = array.cpp; sourceTree = "<group>"; };
		D667FC971852232300404D8D /* array.h */ = {isa = PBXFileReference; fileEncoding = 4; lastKnownFileType = sourcecode.c.h; path = array.h; sourceTree = "<group>"; };
		D667FCA0185231AE00404D8D /* math.cpp */ = {isa = PBXFileReference; fileEncoding = 4; lastKnownFileType = sourcecode.cpp.cpp; path = math.cpp; sourceTree = "<group>"; };
		D667FCA1185231AE00404D8D /* math.h */ = {isa = PBXFileReference; fileEncoding = 4; lastKnownFileType = sourcecode.c.h; path = math.h; sourceTree = "<group>"; };
		D667FCA818523C9600404D8D /* build.h */ = {isa = PBXFileReference; fileEncoding = 4; lastKnownFileType = sourcecode.c.h; path = build.h; sourceTree = "<group>"; };
		D667FCAA1852520600404D8D /* array_decl.h */ = {isa = PBXFileReference; fileEncoding = 4; lastKnownFileType = sourcecode.c.h; path = array_decl.h; sourceTree = "<group>"; };
/* End PBXFileReference section */

/* Begin PBXFrameworksBuildPhase section */
		D602849F1858CD6B00CE5EC5 /* Frameworks */ = {
			isa = PBXFrameworksBuildPhase;
			buildActionMask = 2147483647;
			files = (
				D60285121860BBB400CE5EC5 /* libgtest-ios.a in Frameworks */,
				D60284F11860B35900CE5EC5 /* libIronCakeiOS.a in Frameworks */,
				D60284A51858CD6B00CE5EC5 /* CoreGraphics.framework in Frameworks */,
				D60284A61858CD6B00CE5EC5 /* UIKit.framework in Frameworks */,
				D60284A31858CD6B00CE5EC5 /* Foundation.framework in Frameworks */,
			);
			runOnlyForDeploymentPostprocessing = 0;
		};
		D6079B7B1858C01600DFDEAA /* Frameworks */ = {
			isa = PBXFrameworksBuildPhase;
			buildActionMask = 2147483647;
			files = (
				D60285041860B95700CE5EC5 /* libIronCakeMac.a in Frameworks */,
				D60284FB1860B6FB00CE5EC5 /* libgtest.a in Frameworks */,
			);
			runOnlyForDeploymentPostprocessing = 0;
		};
		D667FBB3184CE7AC00404D8D /* Frameworks */ = {
			isa = PBXFrameworksBuildPhase;
			buildActionMask = 2147483647;
			files = (
				D667FBBA184CE7AC00404D8D /* Foundation.framework in Frameworks */,
			);
			runOnlyForDeploymentPostprocessing = 0;
		};
		D667FBE0184CE84600404D8D /* Frameworks */ = {
			isa = PBXFrameworksBuildPhase;
			buildActionMask = 2147483647;
			files = (
				D667FBE5184CE84600404D8D /* Cocoa.framework in Frameworks */,
			);
			runOnlyForDeploymentPostprocessing = 0;
		};
/* End PBXFrameworksBuildPhase section */

/* Begin PBXGroup section */
		D602849A1858CC0900CE5EC5 /* MacTest */ = {
			isa = PBXGroup;
			children = (
				D60285051860BA7700CE5EC5 /* main.cpp */,
			);
			name = MacTest;
			path = TestMac;
			sourceTree = "<group>";
		};
		D60284A71858CD6B00CE5EC5 /* iOSTest */ = {
			isa = PBXGroup;
			children = (
				D602850F1860BAF300CE5EC5 /* Images.xcassets */,
				D60285071860BAEB00CE5EC5 /* en.lproj */,
				D602850A1860BAEB00CE5EC5 /* main.mm */,
				D602850B1860BAEB00CE5EC5 /* TestiOS-info.plist */,
				D60284CE185A108F00CE5EC5 /* ICKTestAppDelegate.h */,
				D60284CF185A108F00CE5EC5 /* ICKTestAppDelegate.m */,
				D60284D1185A119300CE5EC5 /* ICKTestAppMainViewController.h */,
				D60284D2185A119300CE5EC5 /* ICKTestAppMainViewController.mm */,
				D60284D3185A119300CE5EC5 /* ICKTestAppMainViewController.xib */,
			);
			name = iOSTest;
			path = TestiOS;
			sourceTree = "<group>";
		};
		D60284D61860B2E000CE5EC5 /* test */ = {
			isa = PBXGroup;
			children = (
				D60284D71860B2EE00CE5EC5 /* allocator_test.cpp */,
				D60284D81860B2EE00CE5EC5 /* array_test.cpp */,
				D60284D91860B2EE00CE5EC5 /* linked_list_test.cpp */,
				D60284DA1860B2EE00CE5EC5 /* string_test.cpp */,
				D60284DB1860B2EE00CE5EC5 /* test_base.h */,
			);
			name = test;
			sourceTree = "<group>";
		};
		D60285071860BAEB00CE5EC5 /* en.lproj */ = {
			isa = PBXGroup;
			children = (
				D60285081860BAEB00CE5EC5 /* InfoPlist.strings */,
			);
			path = en.lproj;
			sourceTree = "<group>";
		};
		D667FBAD184CE7AC00404D8D = {
			isa = PBXGroup;
			children = (
				D667FC09184CE8D500404D8D /* src */,
				D60284D61860B2E000CE5EC5 /* test */,
				D602849A1858CC0900CE5EC5 /* MacTest */,
				D60284A71858CD6B00CE5EC5 /* iOSTest */,
				D667FBB8184CE7AC00404D8D /* Frameworks */,
				D667FBB7184CE7AC00404D8D /* Products */,
			);
			sourceTree = "<group>";
		};
		D667FBB7184CE7AC00404D8D /* Products */ = {
			isa = PBXGroup;
			children = (
				D667FBB6184CE7AC00404D8D /* libIronCakeiOS.a */,
				D667FBE3184CE84600404D8D /* libIronCakeMac.a */,
				D6079B7E1858C01600DFDEAA /* MacTest */,
				D60284A21858CD6B00CE5EC5 /* TestiOS.app */,
			);
			name = Products;
			sourceTree = "<group>";
		};
		D667FBB8184CE7AC00404D8D /* Frameworks */ = {
			isa = PBXGroup;
			children = (
				D60285111860BBB400CE5EC5 /* libgtest-ios.a */,
				D60284FC1860B70000CE5EC5 /* libgtest_main.a */,
				D60284971858CBE200CE5EC5 /* libgtest.a */,
				D667FBB9184CE7AC00404D8D /* Foundation.framework */,
				D667FBC7184CE7AC00404D8D /* XCTest.framework */,
				D667FBCA184CE7AC00404D8D /* UIKit.framework */,
				D667FBE4184CE84600404D8D /* Cocoa.framework */,
				D60284A41858CD6B00CE5EC5 /* CoreGraphics.framework */,
				D667FBE6184CE84600404D8D /* Other Frameworks */,
			);
			name = Frameworks;
			sourceTree = "<group>";
		};
		D667FBE6184CE84600404D8D /* Other Frameworks */ = {
			isa = PBXGroup;
			children = (
				D667FBE7184CE84600404D8D /* Foundation.framework */,
				D667FBE8184CE84600404D8D /* CoreData.framework */,
				D667FBE9184CE84600404D8D /* AppKit.framework */,
			);
			name = "Other Frameworks";
			sourceTree = "<group>";
		};
		D667FC09184CE8D500404D8D /* src */ = {
			isa = PBXGroup;
			children = (
				D667FC23184CF9CE00404D8D /* ick */,
			);
			name = src;
			path = ../src;
			sourceTree = "<group>";
		};
		D667FC23184CF9CE00404D8D /* ick */ = {
			isa = PBXGroup;
			children = (
				D667FC8C184E512300404D8D /* ick.h */,
				D667FC8B184E512300404D8D /* ick.cpp */,
				D667FC59184E490C00404D8D /* base */,
			);
			path = ick;
			sourceTree = "<group>";
		};
		D667FC59184E490C00404D8D /* base */ = {
			isa = PBXGroup;
			children = (
				D667FC6C184E490C00404D8D /* platform.h */,
				D667FC60184E490C00404D8D /* compiler.h */,
				D667FCA818523C9600404D8D /* build.h */,
				D667FC90184F95DD00404D8D /* std.h */,
				D667FC69184E490C00404D8D /* macro.h */,
				D667FC5D184E490C00404D8D /* allocator.h */,
				D667FC5C184E490C00404D8D /* allocator.cpp */,
				D667FC6B184E490C00404D8D /* memory.h */,
				D667FC6A184E490C00404D8D /* memory.cpp */,
				D667FC64184E490C00404D8D /* cstr.h */,
				D667FC63184E490C00404D8D /* cstr.cpp */,
				D667FC62184E490C00404D8D /* crt.h */,
				D667FC61184E490C00404D8D /* crt.cpp */,
				D667FC68184E490C00404D8D /* log.h */,
				D667FC67184E490C00404D8D /* log.cpp */,
				D667FC5B184E490C00404D8D /* abort.h */,
				D667FC5A184E490C00404D8D /* abort.cpp */,
				D667FC5F184E490C00404D8D /* assert.h */,
				D667FC5E184E490C00404D8D /* assert.cpp */,
				D667FC66184E490C00404D8D /* linked_list.h */,
				D667FC65184E490C00404D8D /* linked_list.cpp */,
				D667FCAA1852520600404D8D /* array_decl.h */,
				D667FC971852232300404D8D /* array.h */,
				D667FC961852232300404D8D /* array.cpp */,
				D63ABDC81855FCAC004349F8 /* string.h */,
				D63ABDC71855FCAC004349F8 /* string.cpp */,
				D667FCA1185231AE00404D8D /* math.h */,
				D667FCA0185231AE00404D8D /* math.cpp */,
			);
			path = base;
			sourceTree = "<group>";
		};
/* End PBXGroup section */

/* Begin PBXHeadersBuildPhase section */
		D667FBE1184CE84600404D8D /* Headers */ = {
			isa = PBXHeadersBuildPhase;
			buildActionMask = 2147483647;
			files = (
				D667FC91184F95DD00404D8D /* std.h in Headers */,
				D667FC7C184E490C00404D8D /* cstr.h in Headers */,
				D667FC72184E490C00404D8D /* allocator.h in Headers */,
				D667FC7F184E490C00404D8D /* linked_list.h in Headers */,
				D667FC83184E490C00404D8D /* macro.h in Headers */,
				D667FCA4185231AE00404D8D /* math.h in Headers */,
				D667FC87184E490C00404D8D /* platform.h in Headers */,
				D667FC9A1852232300404D8D /* array.h in Headers */,
				D667FC75184E490C00404D8D /* assert.h in Headers */,
				D667FC8F184E512300404D8D /* ick.h in Headers */,
				D667FC6F184E490C00404D8D /* abort.h in Headers */,
				D667FCAB1852520600404D8D /* array_decl.h in Headers */,
				D667FC82184E490C00404D8D /* log.h in Headers */,
				D63ABDCB1855FCAC004349F8 /* string.h in Headers */,
				D667FC86184E490C00404D8D /* memory.h in Headers */,
				D667FCA918523C9600404D8D /* build.h in Headers */,
				D667FC79184E490C00404D8D /* crt.h in Headers */,
				D667FC76184E490C00404D8D /* compiler.h in Headers */,
			);
			runOnlyForDeploymentPostprocessing = 0;
		};
/* End PBXHeadersBuildPhase section */

/* Begin PBXNativeTarget section */
		D60284A11858CD6B00CE5EC5 /* TestiOS */ = {
			isa = PBXNativeTarget;
			buildConfigurationList = D60284C71858CD6B00CE5EC5 /* Build configuration list for PBXNativeTarget "TestiOS" */;
			buildPhases = (
				D602849E1858CD6B00CE5EC5 /* Sources */,
				D602849F1858CD6B00CE5EC5 /* Frameworks */,
				D60284A01858CD6B00CE5EC5 /* Resources */,
			);
			buildRules = (
			);
			dependencies = (
				D60284F01860B35300CE5EC5 /* PBXTargetDependency */,
			);
			name = TestiOS;
			productName = iOSTest;
			productReference = D60284A21858CD6B00CE5EC5 /* TestiOS.app */;
			productType = "com.apple.product-type.application";
		};
		D6079B7D1858C01600DFDEAA /* TestMac */ = {
			isa = PBXNativeTarget;
			buildConfigurationList = D6079B861858C01600DFDEAA /* Build configuration list for PBXNativeTarget "TestMac" */;
			buildPhases = (
				D6079B7A1858C01600DFDEAA /* Sources */,
				D6079B7B1858C01600DFDEAA /* Frameworks */,
			);
			buildRules = (
			);
			dependencies = (
				D60284EE1860B34F00CE5EC5 /* PBXTargetDependency */,
			);
			name = TestMac;
			productName = TestMac;
			productReference = D6079B7E1858C01600DFDEAA /* MacTest */;
			productType = "com.apple.product-type.tool";
		};
		D667FBB5184CE7AC00404D8D /* IronCakeiOS */ = {
			isa = PBXNativeTarget;
			buildConfigurationList = D667FBD9184CE7AC00404D8D /* Build configuration list for PBXNativeTarget "IronCakeiOS" */;
			buildPhases = (
				D667FBB2184CE7AC00404D8D /* Sources */,
				D667FBB3184CE7AC00404D8D /* Frameworks */,
				D667FBB4184CE7AC00404D8D /* CopyFiles */,
			);
			buildRules = (
			);
			dependencies = (
			);
			name = IronCakeiOS;
			productName = IronCake;
			productReference = D667FBB6184CE7AC00404D8D /* libIronCakeiOS.a */;
			productType = "com.apple.product-type.library.static";
		};
		D667FBE2184CE84600404D8D /* IronCakeMac */ = {
			isa = PBXNativeTarget;
			buildConfigurationList = D667FC02184CE84600404D8D /* Build configuration list for PBXNativeTarget "IronCakeMac" */;
			buildPhases = (
				D667FBDF184CE84600404D8D /* Sources */,
				D667FBE0184CE84600404D8D /* Frameworks */,
				D667FBE1184CE84600404D8D /* Headers */,
			);
			buildRules = (
			);
			dependencies = (
			);
			name = IronCakeMac;
			productName = IronCake;
			productReference = D667FBE3184CE84600404D8D /* libIronCakeMac.a */;
			productType = "com.apple.product-type.library.static";
		};
/* End PBXNativeTarget section */

/* Begin PBXProject section */
		D667FBAE184CE7AC00404D8D /* Project object */ = {
			isa = PBXProject;
			attributes = {
				LastUpgradeCheck = 0500;
				ORGANIZATIONNAME = omochimetaru;
			};
			buildConfigurationList = D667FBB1184CE7AC00404D8D /* Build configuration list for PBXProject "IronCake" */;
			compatibilityVersion = "Xcode 3.2";
			developmentRegion = English;
			hasScannedForEncodings = 0;
			knownRegions = (
				en,
			);
			mainGroup = D667FBAD184CE7AC00404D8D;
			productRefGroup = D667FBB7184CE7AC00404D8D /* Products */;
			projectDirPath = "";
			projectRoot = "";
			targets = (
				D667FBB5184CE7AC00404D8D /* IronCakeiOS */,
				D667FBE2184CE84600404D8D /* IronCakeMac */,
				D6079B7D1858C01600DFDEAA /* TestMac */,
				D60284A11858CD6B00CE5EC5 /* TestiOS */,
			);
		};
/* End PBXProject section */

/* Begin PBXResourcesBuildPhase section */
		D60284A01858CD6B00CE5EC5 /* Resources */ = {
			isa = PBXResourcesBuildPhase;
			buildActionMask = 2147483647;
			files = (
				D602850E1860BAEB00CE5EC5 /* TestiOS-info.plist in Resources */,
				D60285101860BAF300CE5EC5 /* Images.xcassets in Resources */,
				D60284D5185A119300CE5EC5 /* ICKTestAppMainViewController.xib in Resources */,
				D602850C1860BAEB00CE5EC5 /* InfoPlist.strings in Resources */,
			);
			runOnlyForDeploymentPostprocessing = 0;
		};
/* End PBXResourcesBuildPhase section */

/* Begin PBXSourcesBuildPhase section */
		D602849E1858CD6B00CE5EC5 /* Sources */ = {
			isa = PBXSourcesBuildPhase;
			buildActionMask = 2147483647;
			files = (
				D60284D4185A119300CE5EC5 /* ICKTestAppMainViewController.mm in Sources */,
				D60284D0185A108F00CE5EC5 /* ICKTestAppDelegate.m in Sources */,
				D60284E81860B31B00CE5EC5 /* allocator_test.cpp in Sources */,
				D602850D1860BAEB00CE5EC5 /* main.mm in Sources */,
				D60284EA1860B31B00CE5EC5 /* linked_list_test.cpp in Sources */,
				D60284EB1860B31B00CE5EC5 /* string_test.cpp in Sources */,
				D60284E91860B31B00CE5EC5 /* array_test.cpp in Sources */,
			);
			runOnlyForDeploymentPostprocessing = 0;
		};
		D6079B7A1858C01600DFDEAA /* Sources */ = {
			isa = PBXSourcesBuildPhase;
			buildActionMask = 2147483647;
			files = (
				D60284E71860B31B00CE5EC5 /* string_test.cpp in Sources */,
				D60284E41860B31B00CE5EC5 /* allocator_test.cpp in Sources */,
				D60284E61860B31B00CE5EC5 /* linked_list_test.cpp in Sources */,
				D60285061860BA7700CE5EC5 /* main.cpp in Sources */,
				D60284E51860B31B00CE5EC5 /* array_test.cpp in Sources */,
			);
			runOnlyForDeploymentPostprocessing = 0;
		};
		D667FBB2184CE7AC00404D8D /* Sources */ = {
			isa = PBXSourcesBuildPhase;
			buildActionMask = 2147483647;
			files = (
				D667FC7D184E490C00404D8D /* linked_list.cpp in Sources */,
				D667FC73184E490C00404D8D /* assert.cpp in Sources */,
				D667FC80184E490C00404D8D /* log.cpp in Sources */,
				D667FC8D184E512300404D8D /* ick.cpp in Sources */,
				D667FC77184E490C00404D8D /* crt.cpp in Sources */,
				D667FC84184E490C00404D8D /* memory.cpp in Sources */,
				D63ABDC91855FCAC004349F8 /* string.cpp in Sources */,
				D667FCA2185231AE00404D8D /* math.cpp in Sources */,
				D667FC6D184E490C00404D8D /* abort.cpp in Sources */,
				D667FC981852232300404D8D /* array.cpp in Sources */,
				D667FC7A184E490C00404D8D /* cstr.cpp in Sources */,
				D667FC70184E490C00404D8D /* allocator.cpp in Sources */,
			);
			runOnlyForDeploymentPostprocessing = 0;
		};
		D667FBDF184CE84600404D8D /* Sources */ = {
			isa = PBXSourcesBuildPhase;
			buildActionMask = 2147483647;
			files = (
				D667FC7E184E490C00404D8D /* linked_list.cpp in Sources */,
				D667FC74184E490C00404D8D /* assert.cpp in Sources */,
				D667FC81184E490C00404D8D /* log.cpp in Sources */,
				D667FC8E184E512300404D8D /* ick.cpp in Sources */,
				D667FC78184E490C00404D8D /* crt.cpp in Sources */,
				D667FC85184E490C00404D8D /* memory.cpp in Sources */,
				D63ABDCA1855FCAC004349F8 /* string.cpp in Sources */,
				D667FCA3185231AE00404D8D /* math.cpp in Sources */,
				D667FC6E184E490C00404D8D /* abort.cpp in Sources */,
				D667FC991852232300404D8D /* array.cpp in Sources */,
				D667FC7B184E490C00404D8D /* cstr.cpp in Sources */,
				D667FC71184E490C00404D8D /* allocator.cpp in Sources */,
			);
			runOnlyForDeploymentPostprocessing = 0;
		};
/* End PBXSourcesBuildPhase section */

/* Begin PBXTargetDependency section */
		D60284EE1860B34F00CE5EC5 /* PBXTargetDependency */ = {
			isa = PBXTargetDependency;
			target = D667FBE2184CE84600404D8D /* IronCakeMac */;
			targetProxy = D60284ED1860B34F00CE5EC5 /* PBXContainerItemProxy */;
		};
		D60284F01860B35300CE5EC5 /* PBXTargetDependency */ = {
			isa = PBXTargetDependency;
			target = D667FBB5184CE7AC00404D8D /* IronCakeiOS */;
			targetProxy = D60284EF1860B35300CE5EC5 /* PBXContainerItemProxy */;
		};
/* End PBXTargetDependency section */

/* Begin PBXVariantGroup section */
		D60285081860BAEB00CE5EC5 /* InfoPlist.strings */ = {
			isa = PBXVariantGroup;
			children = (
				D60285091860BAEB00CE5EC5 /* en */,
			);
			name = InfoPlist.strings;
			sourceTree = "<group>";
		};
/* End PBXVariantGroup section */

/* Begin XCBuildConfiguration section */
		D60284C81858CD6B00CE5EC5 /* Debug */ = {
			isa = XCBuildConfiguration;
			buildSettings = {
				ARCHS = "$(ARCHS_STANDARD_INCLUDING_64_BIT)";
				ASSETCATALOG_COMPILER_APPICON_NAME = AppIcon;
				ASSETCATALOG_COMPILER_LAUNCHIMAGE_NAME = LaunchImage;
				CLANG_CXX_LANGUAGE_STANDARD = "gnu++0x";
				"CODE_SIGN_IDENTITY[sdk=iphoneos*]" = "iPhone Developer";
				FRAMEWORK_SEARCH_PATHS = (
					"$(inherited)",
					"$(DEVELOPER_FRAMEWORKS_DIR)",
				);
				GCC_C_LANGUAGE_STANDARD = gnu99;
				GCC_PREPROCESSOR_DEFINITIONS = (
					"DEBUG=1",
					"$(inherited)",
				);
				HEADER_SEARCH_PATHS = (
					"$(inherited)",
					/Applications/Xcode.app/Contents/Developer/Toolchains/XcodeDefault.xctoolchain/usr/include,
					../src,
					../libs/googletest/include,
					../libs/googletest/src,
				);
				INFOPLIST_FILE = "TestiOS/TestiOS-Info.plist";
				LIBRARY_SEARCH_PATHS = (
					"$(inherited)",
					"$(USER_LIBRARY_DIR)/Developer/Xcode/DerivedData/IronCake-emfqkmnunqhkvyczwvcyitznypja/Build/Products/Debug",
				);
				ONLY_ACTIVE_ARCH = YES;
				PRODUCT_NAME = "$(TARGET_NAME)";
				SDKROOT = iphoneos;
				WRAPPER_EXTENSION = app;
			};
			name = Debug;
		};
		D60284C91858CD6B00CE5EC5 /* Release */ = {
			isa = XCBuildConfiguration;
			buildSettings = {
				ARCHS = "$(ARCHS_STANDARD_INCLUDING_64_BIT)";
				ASSETCATALOG_COMPILER_APPICON_NAME = AppIcon;
				ASSETCATALOG_COMPILER_LAUNCHIMAGE_NAME = LaunchImage;
				CLANG_CXX_LANGUAGE_STANDARD = "gnu++0x";
				"CODE_SIGN_IDENTITY[sdk=iphoneos*]" = "iPhone Developer";
				FRAMEWORK_SEARCH_PATHS = (
					"$(inherited)",
					"$(DEVELOPER_FRAMEWORKS_DIR)",
				);
				GCC_C_LANGUAGE_STANDARD = gnu99;
				HEADER_SEARCH_PATHS = (
					"$(inherited)",
					/Applications/Xcode.app/Contents/Developer/Toolchains/XcodeDefault.xctoolchain/usr/include,
					../src,
					../libs/googletest/include,
					../libs/googletest/src,
				);
				INFOPLIST_FILE = "TestiOS/TestiOS-Info.plist";
				LIBRARY_SEARCH_PATHS = (
					"$(inherited)",
					"$(USER_LIBRARY_DIR)/Developer/Xcode/DerivedData/IronCake-emfqkmnunqhkvyczwvcyitznypja/Build/Products/Debug",
				);
				PRODUCT_NAME = "$(TARGET_NAME)";
				SDKROOT = iphoneos;
				WRAPPER_EXTENSION = app;
			};
			name = Release;
		};
		D6079B841858C01600DFDEAA /* Debug */ = {
			isa = XCBuildConfiguration;
			buildSettings = {
				ARCHS = "$(ARCHS_STANDARD_32_64_BIT)";
				HEADER_SEARCH_PATHS = (
					"$(inherited)",
					/Applications/Xcode.app/Contents/Developer/Toolchains/XcodeDefault.xctoolchain/usr/include,
					../src,
					../libs/googletest/include,
					../libs/googletest/src,
				);
				LIBRARY_SEARCH_PATHS = (
					"$(inherited)",
					"$(USER_LIBRARY_DIR)/Developer/Xcode/DerivedData/IronCake-emfqkmnunqhkvyczwvcyitznypja/Build/Products/Debug",
				);
				PRODUCT_NAME = "$(TARGET_NAME)";
				SDKROOT = macosx;
			};
			name = Debug;
		};
		D6079B851858C01600DFDEAA /* Release */ = {
			isa = XCBuildConfiguration;
			buildSettings = {
				ARCHS = "$(ARCHS_STANDARD_32_64_BIT)";
				HEADER_SEARCH_PATHS = (
					"$(inherited)",
					/Applications/Xcode.app/Contents/Developer/Toolchains/XcodeDefault.xctoolchain/usr/include,
					../src,
					../libs/googletest/include,
					../libs/googletest/src,
				);
				LIBRARY_SEARCH_PATHS = (
					"$(inherited)",
					"$(USER_LIBRARY_DIR)/Developer/Xcode/DerivedData/IronCake-emfqkmnunqhkvyczwvcyitznypja/Build/Products/Debug",
				);
				PRODUCT_NAME = "$(TARGET_NAME)";
				SDKROOT = macosx;
			};
			name = Release;
		};
		D667FBD7184CE7AC00404D8D /* Debug */ = {
			isa = XCBuildConfiguration;
			buildSettings = {
				ALWAYS_SEARCH_USER_PATHS = NO;
				CLANG_ANALYZER_SECURITY_FLOATLOOPCOUNTER = YES;
				CLANG_ANALYZER_SECURITY_INSECUREAPI_RAND = YES;
				CLANG_ANALYZER_SECURITY_INSECUREAPI_STRCPY = YES;
				CLANG_CXX_LANGUAGE_STANDARD = "c++0x";
				CLANG_CXX_LIBRARY = "libc++";
				CLANG_ENABLE_MODULES = YES;
				CLANG_ENABLE_OBJC_ARC = YES;
				CLANG_WARN_BOOL_CONVERSION = YES;
				CLANG_WARN_CONSTANT_CONVERSION = YES;
				CLANG_WARN_CXX0X_EXTENSIONS = YES;
				CLANG_WARN_DIRECT_OBJC_ISA_USAGE = YES_ERROR;
				CLANG_WARN_DOCUMENTATION_COMMENTS = YES;
				CLANG_WARN_EMPTY_BODY = YES;
				CLANG_WARN_ENUM_CONVERSION = YES;
				CLANG_WARN_IMPLICIT_SIGN_CONVERSION = YES;
				CLANG_WARN_INT_CONVERSION = YES;
				CLANG_WARN_OBJC_ROOT_CLASS = YES_ERROR;
				CLANG_WARN_SUSPICIOUS_IMPLICIT_CONVERSION = YES;
				CLANG_WARN__DUPLICATE_METHOD_MATCH = YES;
				CLANG_WARN__EXIT_TIME_DESTRUCTORS = YES;
				COPY_PHASE_STRIP = NO;
				DEBUG_INFORMATION_FORMAT = "dwarf-with-dsym";
				GCC_C_LANGUAGE_STANDARD = c11;
				GCC_DYNAMIC_NO_PIC = NO;
				GCC_ENABLE_CPP_EXCEPTIONS = NO;
				GCC_ENABLE_CPP_RTTI = NO;
				GCC_OPTIMIZATION_LEVEL = 0;
				GCC_PREPROCESSOR_DEFINITIONS = (
					"$(inherited)",
					"DEBUG=1",
					ICK_MEMORY_DEBUG,
				);
				GCC_SYMBOLS_PRIVATE_EXTERN = NO;
				GCC_WARN_64_TO_32_BIT_CONVERSION = YES;
				GCC_WARN_ABOUT_MISSING_FIELD_INITIALIZERS = YES;
				GCC_WARN_ABOUT_MISSING_NEWLINE = YES;
				GCC_WARN_ABOUT_MISSING_PROTOTYPES = YES;
				GCC_WARN_ABOUT_RETURN_TYPE = YES_ERROR;
				GCC_WARN_FOUR_CHARACTER_CONSTANTS = YES;
				GCC_WARN_HIDDEN_VIRTUAL_FUNCTIONS = YES;
				GCC_WARN_INITIALIZER_NOT_FULLY_BRACKETED = YES;
				GCC_WARN_NON_VIRTUAL_DESTRUCTOR = YES;
				GCC_WARN_SHADOW = YES;
				GCC_WARN_SIGN_COMPARE = YES;
				GCC_WARN_UNDECLARED_SELECTOR = YES;
				GCC_WARN_UNINITIALIZED_AUTOS = YES;
				GCC_WARN_UNUSED_FUNCTION = YES;
				GCC_WARN_UNUSED_LABEL = YES;
				GCC_WARN_UNUSED_PARAMETER = YES;
				GCC_WARN_UNUSED_VARIABLE = YES;
				HEADERMAP_INCLUDES_FLAT_ENTRIES_FOR_TARGET_BEING_BUILT = NO;
				HEADER_SEARCH_PATHS = (
					"$(inherited)",
					/Applications/Xcode.app/Contents/Developer/Toolchains/XcodeDefault.xctoolchain/usr/include,
					../src,
				);
				IPHONEOS_DEPLOYMENT_TARGET = 7.0;
				MACOSX_DEPLOYMENT_TARGET = 10.9;
				OTHER_LDFLAGS = "-ObjC";
				SDKROOT = iphoneos;
				SKIP_INSTALL = YES;
			};
			name = Debug;
		};
		D667FBD8184CE7AC00404D8D /* Release */ = {
			isa = XCBuildConfiguration;
			buildSettings = {
				ALWAYS_SEARCH_USER_PATHS = NO;
				CLANG_ANALYZER_SECURITY_FLOATLOOPCOUNTER = YES;
				CLANG_ANALYZER_SECURITY_INSECUREAPI_RAND = YES;
				CLANG_ANALYZER_SECURITY_INSECUREAPI_STRCPY = YES;
				CLANG_CXX_LANGUAGE_STANDARD = "c++0x";
				CLANG_CXX_LIBRARY = "libc++";
				CLANG_ENABLE_MODULES = YES;
				CLANG_ENABLE_OBJC_ARC = YES;
				CLANG_WARN_BOOL_CONVERSION = YES;
				CLANG_WARN_CONSTANT_CONVERSION = YES;
				CLANG_WARN_CXX0X_EXTENSIONS = YES;
				CLANG_WARN_DIRECT_OBJC_ISA_USAGE = YES_ERROR;
				CLANG_WARN_DOCUMENTATION_COMMENTS = YES;
				CLANG_WARN_EMPTY_BODY = YES;
				CLANG_WARN_ENUM_CONVERSION = YES;
				CLANG_WARN_IMPLICIT_SIGN_CONVERSION = YES;
				CLANG_WARN_INT_CONVERSION = YES;
				CLANG_WARN_OBJC_ROOT_CLASS = YES_ERROR;
				CLANG_WARN_SUSPICIOUS_IMPLICIT_CONVERSION = YES;
				CLANG_WARN__DUPLICATE_METHOD_MATCH = YES;
				CLANG_WARN__EXIT_TIME_DESTRUCTORS = YES;
				COPY_PHASE_STRIP = YES;
				DEBUG_INFORMATION_FORMAT = "dwarf-with-dsym";
				ENABLE_NS_ASSERTIONS = NO;
				GCC_C_LANGUAGE_STANDARD = c11;
				GCC_ENABLE_CPP_EXCEPTIONS = NO;
				GCC_ENABLE_CPP_RTTI = NO;
				GCC_WARN_64_TO_32_BIT_CONVERSION = YES;
				GCC_WARN_ABOUT_MISSING_FIELD_INITIALIZERS = YES;
				GCC_WARN_ABOUT_MISSING_NEWLINE = YES;
				GCC_WARN_ABOUT_MISSING_PROTOTYPES = YES;
				GCC_WARN_ABOUT_RETURN_TYPE = YES_ERROR;
				GCC_WARN_FOUR_CHARACTER_CONSTANTS = YES;
				GCC_WARN_HIDDEN_VIRTUAL_FUNCTIONS = YES;
				GCC_WARN_INITIALIZER_NOT_FULLY_BRACKETED = YES;
				GCC_WARN_NON_VIRTUAL_DESTRUCTOR = YES;
				GCC_WARN_SHADOW = YES;
				GCC_WARN_SIGN_COMPARE = YES;
				GCC_WARN_UNDECLARED_SELECTOR = YES;
				GCC_WARN_UNINITIALIZED_AUTOS = YES;
				GCC_WARN_UNUSED_FUNCTION = YES;
				GCC_WARN_UNUSED_LABEL = YES;
				GCC_WARN_UNUSED_PARAMETER = YES;
				GCC_WARN_UNUSED_VARIABLE = YES;
				HEADERMAP_INCLUDES_FLAT_ENTRIES_FOR_TARGET_BEING_BUILT = NO;
				HEADER_SEARCH_PATHS = (
					"$(inherited)",
					/Applications/Xcode.app/Contents/Developer/Toolchains/XcodeDefault.xctoolchain/usr/include,
					../src,
				);
				IPHONEOS_DEPLOYMENT_TARGET = 7.0;
				MACOSX_DEPLOYMENT_TARGET = 10.9;
				OTHER_LDFLAGS = "-ObjC";
				SDKROOT = iphoneos;
				SKIP_INSTALL = YES;
				VALIDATE_PRODUCT = YES;
			};
			name = Release;
		};
		D667FBDA184CE7AC00404D8D /* Debug */ = {
			isa = XCBuildConfiguration;
			buildSettings = {
				ARCHS = "$(ARCHS_STANDARD_INCLUDING_64_BIT)";
				PRODUCT_NAME = "$(TARGET_NAME)";
				SDKROOT = iphoneos;
			};
			name = Debug;
		};
		D667FBDB184CE7AC00404D8D /* Release */ = {
			isa = XCBuildConfiguration;
			buildSettings = {
				ARCHS = "$(ARCHS_STANDARD_INCLUDING_64_BIT)";
				PRODUCT_NAME = "$(TARGET_NAME)";
				SDKROOT = iphoneos;
			};
			name = Release;
		};
		D667FC03184CE84600404D8D /* Debug */ = {
			isa = XCBuildConfiguration;
			buildSettings = {
				ARCHS = "$(ARCHS_STANDARD_32_64_BIT)";
				PRODUCT_NAME = "$(TARGET_NAME)";
				SDKROOT = macosx;
			};
			name = Debug;
		};
		D667FC04184CE84600404D8D /* Release */ = {
			isa = XCBuildConfiguration;
			buildSettings = {
				ARCHS = "$(ARCHS_STANDARD_32_64_BIT)";
				PRODUCT_NAME = "$(TARGET_NAME)";
				SDKROOT = macosx;
			};
			name = Release;
		};
/* End XCBuildConfiguration section */

/* Begin XCConfigurationList section */
		D60284C71858CD6B00CE5EC5 /* Build configuration list for PBXNativeTarget "TestiOS" */ = {
			isa = XCConfigurationList;
			buildConfigurations = (
				D60284C81858CD6B00CE5EC5 /* Debug */,
				D60284C91858CD6B00CE5EC5 /* Release */,
			);
			defaultConfigurationIsVisible = 0;
			defaultConfigurationName = Release;
		};
		D6079B861858C01600DFDEAA /* Build configuration list for PBXNativeTarget "TestMac" */ = {
			isa = XCConfigurationList;
			buildConfigurations = (
				D6079B841858C01600DFDEAA /* Debug */,
				D6079B851858C01600DFDEAA /* Release */,
			);
			defaultConfigurationIsVisible = 0;
			defaultConfigurationName = Release;
		};
		D667FBB1184CE7AC00404D8D /* Build configuration list for PBXProject "IronCake" */ = {
			isa = XCConfigurationList;
			buildConfigurations = (
				D667FBD7184CE7AC00404D8D /* Debug */,
				D667FBD8184CE7AC00404D8D /* Release */,
			);
			defaultConfigurationIsVisible = 0;
			defaultConfigurationName = Release;
		};
		D667FBD9184CE7AC00404D8D /* Build configuration list for PBXNativeTarget "IronCakeiOS" */ = {
			isa = XCConfigurationList;
			buildConfigurations = (
				D667FBDA184CE7AC00404D8D /* Debug */,
				D667FBDB184CE7AC00404D8D /* Release */,
			);
			defaultConfigurationIsVisible = 0;
			defaultConfigurationName = Release;
		};
		D667FC02184CE84600404D8D /* Build configuration list for PBXNativeTarget "IronCakeMac" */ = {
			isa = XCConfigurationList;
			buildConfigurations = (
				D667FC03184CE84600404D8D /* Debug */,
				D667FC04184CE84600404D8D /* Release */,
			);
			defaultConfigurationIsVisible = 0;
			defaultConfigurationName = Release;
		};
/* End XCConfigurationList section */
	};
	rootObject = D667FBAE184CE7AC00404D8D /* Project object */;
}
