// !$*UTF8*$!
{
	archiveVersion = 1;
	classes = {
	};
	objectVersion = 46;
	objects = {

/* Begin PBXBuildFile section */
		D667FBBA184CE7AC00404D8D /* Foundation.framework in Frameworks */ = {isa = PBXBuildFile; fileRef = D667FBB9184CE7AC00404D8D /* Foundation.framework */; };
		D667FBC8184CE7AC00404D8D /* XCTest.framework in Frameworks */ = {isa = PBXBuildFile; fileRef = D667FBC7184CE7AC00404D8D /* XCTest.framework */; };
		D667FBC9184CE7AC00404D8D /* Foundation.framework in Frameworks */ = {isa = PBXBuildFile; fileRef = D667FBB9184CE7AC00404D8D /* Foundation.framework */; };
		D667FBCB184CE7AC00404D8D /* UIKit.framework in Frameworks */ = {isa = PBXBuildFile; fileRef = D667FBCA184CE7AC00404D8D /* UIKit.framework */; };
		D667FBCE184CE7AC00404D8D /* libIronCakeiOS.a in Frameworks */ = {isa = PBXBuildFile; fileRef = D667FBB6184CE7AC00404D8D /* libIronCakeiOS.a */; };
		D667FBE5184CE84600404D8D /* Cocoa.framework in Frameworks */ = {isa = PBXBuildFile; fileRef = D667FBE4184CE84600404D8D /* Cocoa.framework */; };
		D667FBF5184CE84600404D8D /* XCTest.framework in Frameworks */ = {isa = PBXBuildFile; fileRef = D667FBC7184CE7AC00404D8D /* XCTest.framework */; };
		D667FBF6184CE84600404D8D /* Cocoa.framework in Frameworks */ = {isa = PBXBuildFile; fileRef = D667FBE4184CE84600404D8D /* Cocoa.framework */; };
		D667FBF9184CE84600404D8D /* libIronCakeMac.a in Frameworks */ = {isa = PBXBuildFile; fileRef = D667FBE3184CE84600404D8D /* libIronCakeMac.a */; };
		D667FC2E184CFAAC00404D8D /* ICKAllocatorTest.mm in Sources */ = {isa = PBXBuildFile; fileRef = D667FC2C184CFAAC00404D8D /* ICKAllocatorTest.mm */; };
		D667FC2F184CFAAC00404D8D /* ICKAllocatorTest.mm in Sources */ = {isa = PBXBuildFile; fileRef = D667FC2C184CFAAC00404D8D /* ICKAllocatorTest.mm */; };
		D667FC6D184E490C00404D8D /* abort.cpp in Sources */ = {isa = PBXBuildFile; fileRef = D667FC5A184E490C00404D8D /* abort.cpp */; };
		D667FC6E184E490C00404D8D /* abort.cpp in Sources */ = {isa = PBXBuildFile; fileRef = D667FC5A184E490C00404D8D /* abort.cpp */; };
		D667FC6F184E490C00404D8D /* abort.h in Headers */ = {isa = PBXBuildFile; fileRef = D667FC5B184E490C00404D8D /* abort.h */; };
		D667FC70184E490C00404D8D /* allocator.cpp in Sources */ = {isa = PBXBuildFile; fileRef = D667FC5C184E490C00404D8D /* allocator.cpp */; };
		D667FC71184E490C00404D8D /* allocator.cpp in Sources */ = {isa = PBXBuildFile; fileRef = D667FC5C184E490C00404D8D /* allocator.cpp */; };
		D667FC72184E490C00404D8D /* allocator.h in Headers */ = {isa = PBXBuildFile; fileRef = D667FC5D184E490C00404D8D /* allocator.h */; };
		D667FC73184E490C00404D8D /* assert.cpp in Sources */ = {isa = PBXBuildFile; fileRef = D667FC5E184E490C00404D8D /* assert.cpp */; };
		D667FC74184E490C00404D8D /* assert.cpp in Sources */ = {isa = PBXBuildFile; fileRef = D667FC5E184E490C00404D8D /* assert.cpp */; };
		D667FC75184E490C00404D8D /* assert.h in Headers */ = {isa = PBXBuildFile; fileRef = D667FC5F184E490C00404D8D /* assert.h */; };
		D667FC76184E490C00404D8D /* compiler.h in Headers */ = {isa = PBXBuildFile; fileRef = D667FC60184E490C00404D8D /* compiler.h */; };
		D667FC77184E490C00404D8D /* crt.cpp in Sources */ = {isa = PBXBuildFile; fileRef = D667FC61184E490C00404D8D /* crt.cpp */; };
		D667FC78184E490C00404D8D /* crt.cpp in Sources */ = {isa = PBXBuildFile; fileRef = D667FC61184E490C00404D8D /* crt.cpp */; };
		D667FC79184E490C00404D8D /* crt.h in Headers */ = {isa = PBXBuildFile; fileRef = D667FC62184E490C00404D8D /* crt.h */; };
		D667FC7A184E490C00404D8D /* cstr.cpp in Sources */ = {isa = PBXBuildFile; fileRef = D667FC63184E490C00404D8D /* cstr.cpp */; };
		D667FC7B184E490C00404D8D /* cstr.cpp in Sources */ = {isa = PBXBuildFile; fileRef = D667FC63184E490C00404D8D /* cstr.cpp */; };
		D667FC7C184E490C00404D8D /* cstr.h in Headers */ = {isa = PBXBuildFile; fileRef = D667FC64184E490C00404D8D /* cstr.h */; };
		D667FC7D184E490C00404D8D /* linked_list.cpp in Sources */ = {isa = PBXBuildFile; fileRef = D667FC65184E490C00404D8D /* linked_list.cpp */; };
		D667FC7E184E490C00404D8D /* linked_list.cpp in Sources */ = {isa = PBXBuildFile; fileRef = D667FC65184E490C00404D8D /* linked_list.cpp */; };
		D667FC7F184E490C00404D8D /* linked_list.h in Headers */ = {isa = PBXBuildFile; fileRef = D667FC66184E490C00404D8D /* linked_list.h */; };
		D667FC80184E490C00404D8D /* log.cpp in Sources */ = {isa = PBXBuildFile; fileRef = D667FC67184E490C00404D8D /* log.cpp */; };
		D667FC81184E490C00404D8D /* log.cpp in Sources */ = {isa = PBXBuildFile; fileRef = D667FC67184E490C00404D8D /* log.cpp */; };
		D667FC82184E490C00404D8D /* log.h in Headers */ = {isa = PBXBuildFile; fileRef = D667FC68184E490C00404D8D /* log.h */; };
		D667FC83184E490C00404D8D /* macro.h in Headers */ = {isa = PBXBuildFile; fileRef = D667FC69184E490C00404D8D /* macro.h */; };
		D667FC84184E490C00404D8D /* memory.cpp in Sources */ = {isa = PBXBuildFile; fileRef = D667FC6A184E490C00404D8D /* memory.cpp */; };
		D667FC85184E490C00404D8D /* memory.cpp in Sources */ = {isa = PBXBuildFile; fileRef = D667FC6A184E490C00404D8D /* memory.cpp */; };
		D667FC86184E490C00404D8D /* memory.h in Headers */ = {isa = PBXBuildFile; fileRef = D667FC6B184E490C00404D8D /* memory.h */; };
		D667FC87184E490C00404D8D /* platform.h in Headers */ = {isa = PBXBuildFile; fileRef = D667FC6C184E490C00404D8D /* platform.h */; };
		D667FC89184E4C9B00404D8D /* ICKLinkedListTest.mm in Sources */ = {isa = PBXBuildFile; fileRef = D667FC88184E4C9B00404D8D /* ICKLinkedListTest.mm */; };
		D667FC8A184E4C9B00404D8D /* ICKLinkedListTest.mm in Sources */ = {isa = PBXBuildFile; fileRef = D667FC88184E4C9B00404D8D /* ICKLinkedListTest.mm */; };
		D667FC8D184E512300404D8D /* ick.cpp in Sources */ = {isa = PBXBuildFile; fileRef = D667FC8B184E512300404D8D /* ick.cpp */; };
		D667FC8E184E512300404D8D /* ick.cpp in Sources */ = {isa = PBXBuildFile; fileRef = D667FC8B184E512300404D8D /* ick.cpp */; };
		D667FC8F184E512300404D8D /* ick.h in Headers */ = {isa = PBXBuildFile; fileRef = D667FC8C184E512300404D8D /* ick.h */; };
		D667FC91184F95DD00404D8D /* std.h in Headers */ = {isa = PBXBuildFile; fileRef = D667FC90184F95DD00404D8D /* std.h */; };
		D667FC93184FA29100404D8D /* ICKTestBase.mm in Sources */ = {isa = PBXBuildFile; fileRef = D667FC92184FA29100404D8D /* ICKTestBase.mm */; };
		D667FC94184FA29100404D8D /* ICKTestBase.mm in Sources */ = {isa = PBXBuildFile; fileRef = D667FC92184FA29100404D8D /* ICKTestBase.mm */; };
		D667FC981852232300404D8D /* array.cpp in Sources */ = {isa = PBXBuildFile; fileRef = D667FC961852232300404D8D /* array.cpp */; };
		D667FC991852232300404D8D /* array.cpp in Sources */ = {isa = PBXBuildFile; fileRef = D667FC961852232300404D8D /* array.cpp */; };
		D667FC9A1852232300404D8D /* array.h in Headers */ = {isa = PBXBuildFile; fileRef = D667FC971852232300404D8D /* array.h */; };
		D667FCA2185231AE00404D8D /* math.cpp in Sources */ = {isa = PBXBuildFile; fileRef = D667FCA0185231AE00404D8D /* math.cpp */; };
		D667FCA3185231AE00404D8D /* math.cpp in Sources */ = {isa = PBXBuildFile; fileRef = D667FCA0185231AE00404D8D /* math.cpp */; };
		D667FCA4185231AE00404D8D /* math.h in Headers */ = {isa = PBXBuildFile; fileRef = D667FCA1185231AE00404D8D /* math.h */; };
/* End PBXBuildFile section */

/* Begin PBXContainerItemProxy section */
		D667FBCC184CE7AC00404D8D /* PBXContainerItemProxy */ = {
			isa = PBXContainerItemProxy;
			containerPortal = D667FBAE184CE7AC00404D8D /* Project object */;
			proxyType = 1;
			remoteGlobalIDString = D667FBB5184CE7AC00404D8D;
			remoteInfo = IronCake;
		};
		D667FBF7184CE84600404D8D /* PBXContainerItemProxy */ = {
			isa = PBXContainerItemProxy;
			containerPortal = D667FBAE184CE7AC00404D8D /* Project object */;
			proxyType = 1;
			remoteGlobalIDString = D667FBE2184CE84600404D8D;
			remoteInfo = IronCake;
		};
/* End PBXContainerItemProxy section */

/* Begin PBXCopyFilesBuildPhase section */
		D667FBB4184CE7AC00404D8D /* CopyFiles */ = {
			isa = PBXCopyFilesBuildPhase;
			buildActionMask = 2147483647;
			dstPath = "include/$(PRODUCT_NAME)";
			dstSubfolderSpec = 16;
			files = (
			);
			runOnlyForDeploymentPostprocessing = 0;
		};
/* End PBXCopyFilesBuildPhase section */

/* Begin PBXFileReference section */
		D667FBB6184CE7AC00404D8D /* libIronCakeiOS.a */ = {isa = PBXFileReference; explicitFileType = archive.ar; includeInIndex = 0; path = libIronCakeiOS.a; sourceTree = BUILT_PRODUCTS_DIR; };
		D667FBB9184CE7AC00404D8D /* Foundation.framework */ = {isa = PBXFileReference; lastKnownFileType = wrapper.framework; name = Foundation.framework; path = System/Library/Frameworks/Foundation.framework; sourceTree = SDKROOT; };
		D667FBC6184CE7AC00404D8D /* IronCakeiOSTests.xctest */ = {isa = PBXFileReference; explicitFileType = wrapper.cfbundle; includeInIndex = 0; path = IronCakeiOSTests.xctest; sourceTree = BUILT_PRODUCTS_DIR; };
		D667FBC7184CE7AC00404D8D /* XCTest.framework */ = {isa = PBXFileReference; lastKnownFileType = wrapper.framework; name = XCTest.framework; path = Library/Frameworks/XCTest.framework; sourceTree = DEVELOPER_DIR; };
		D667FBCA184CE7AC00404D8D /* UIKit.framework */ = {isa = PBXFileReference; lastKnownFileType = wrapper.framework; name = UIKit.framework; path = Library/Frameworks/UIKit.framework; sourceTree = DEVELOPER_DIR; };
		D667FBE3184CE84600404D8D /* libIronCakeMac.a */ = {isa = PBXFileReference; explicitFileType = archive.ar; includeInIndex = 0; path = libIronCakeMac.a; sourceTree = BUILT_PRODUCTS_DIR; };
		D667FBE4184CE84600404D8D /* Cocoa.framework */ = {isa = PBXFileReference; lastKnownFileType = wrapper.framework; name = Cocoa.framework; path = Library/Frameworks/Cocoa.framework; sourceTree = DEVELOPER_DIR; };
		D667FBE7184CE84600404D8D /* Foundation.framework */ = {isa = PBXFileReference; lastKnownFileType = wrapper.framework; name = Foundation.framework; path = Library/Frameworks/Foundation.framework; sourceTree = SDKROOT; };
		D667FBE8184CE84600404D8D /* CoreData.framework */ = {isa = PBXFileReference; lastKnownFileType = wrapper.framework; name = CoreData.framework; path = Library/Frameworks/CoreData.framework; sourceTree = SDKROOT; };
		D667FBE9184CE84600404D8D /* AppKit.framework */ = {isa = PBXFileReference; lastKnownFileType = wrapper.framework; name = AppKit.framework; path = Library/Frameworks/AppKit.framework; sourceTree = SDKROOT; };
		D667FBF4184CE84600404D8D /* IronCakeMacTests.xctest */ = {isa = PBXFileReference; explicitFileType = wrapper.cfbundle; includeInIndex = 0; path = IronCakeMacTests.xctest; sourceTree = BUILT_PRODUCTS_DIR; };
		D667FC2C184CFAAC00404D8D /* ICKAllocatorTest.mm */ = {isa = PBXFileReference; fileEncoding = 4; lastKnownFileType = sourcecode.cpp.objcpp; path = ICKAllocatorTest.mm; sourceTree = "<group>"; };
		D667FC2D184CFAAC00404D8D /* IronCakeTests-Info.plist */ = {isa = PBXFileReference; fileEncoding = 4; lastKnownFileType = text.plist.xml; path = "IronCakeTests-Info.plist"; sourceTree = "<group>"; };
		D667FC5A184E490C00404D8D /* abort.cpp */ = {isa = PBXFileReference; fileEncoding = 4; lastKnownFileType = sourcecode.cpp.cpp; path = abort.cpp; sourceTree = "<group>"; };
		D667FC5B184E490C00404D8D /* abort.h */ = {isa = PBXFileReference; fileEncoding = 4; lastKnownFileType = sourcecode.c.h; path = abort.h; sourceTree = "<group>"; };
		D667FC5C184E490C00404D8D /* allocator.cpp */ = {isa = PBXFileReference; fileEncoding = 4; lastKnownFileType = sourcecode.cpp.cpp; path = allocator.cpp; sourceTree = "<group>"; };
		D667FC5D184E490C00404D8D /* allocator.h */ = {isa = PBXFileReference; fileEncoding = 4; lastKnownFileType = sourcecode.c.h; path = allocator.h; sourceTree = "<group>"; };
		D667FC5E184E490C00404D8D /* assert.cpp */ = {isa = PBXFileReference; fileEncoding = 4; lastKnownFileType = sourcecode.cpp.cpp; path = assert.cpp; sourceTree = "<group>"; };
		D667FC5F184E490C00404D8D /* assert.h */ = {isa = PBXFileReference; fileEncoding = 4; lastKnownFileType = sourcecode.c.h; path = assert.h; sourceTree = "<group>"; };
		D667FC60184E490C00404D8D /* compiler.h */ = {isa = PBXFileReference; fileEncoding = 4; lastKnownFileType = sourcecode.c.h; path = compiler.h; sourceTree = "<group>"; };
		D667FC61184E490C00404D8D /* crt.cpp */ = {isa = PBXFileReference; fileEncoding = 4; lastKnownFileType = sourcecode.cpp.cpp; path = crt.cpp; sourceTree = "<group>"; };
		D667FC62184E490C00404D8D /* crt.h */ = {isa = PBXFileReference; fileEncoding = 4; lastKnownFileType = sourcecode.c.h; path = crt.h; sourceTree = "<group>"; };
		D667FC63184E490C00404D8D /* cstr.cpp */ = {isa = PBXFileReference; fileEncoding = 4; lastKnownFileType = sourcecode.cpp.cpp; path = cstr.cpp; sourceTree = "<group>"; };
		D667FC64184E490C00404D8D /* cstr.h */ = {isa = PBXFileReference; fileEncoding = 4; lastKnownFileType = sourcecode.c.h; path = cstr.h; sourceTree = "<group>"; };
		D667FC65184E490C00404D8D /* linked_list.cpp */ = {isa = PBXFileReference; fileEncoding = 4; lastKnownFileType = sourcecode.cpp.cpp; path = linked_list.cpp; sourceTree = "<group>"; };
		D667FC66184E490C00404D8D /* linked_list.h */ = {isa = PBXFileReference; fileEncoding = 4; lastKnownFileType = sourcecode.c.h; path = linked_list.h; sourceTree = "<group>"; };
		D667FC67184E490C00404D8D /* log.cpp */ = {isa = PBXFileReference; fileEncoding = 4; lastKnownFileType = sourcecode.cpp.cpp; path = log.cpp; sourceTree = "<group>"; };
		D667FC68184E490C00404D8D /* log.h */ = {isa = PBXFileReference; fileEncoding = 4; lastKnownFileType = sourcecode.c.h; path = log.h; sourceTree = "<group>"; };
		D667FC69184E490C00404D8D /* macro.h */ = {isa = PBXFileReference; fileEncoding = 4; lastKnownFileType = sourcecode.c.h; path = macro.h; sourceTree = "<group>"; };
		D667FC6A184E490C00404D8D /* memory.cpp */ = {isa = PBXFileReference; fileEncoding = 4; lastKnownFileType = sourcecode.cpp.cpp; path = memory.cpp; sourceTree = "<group>"; };
		D667FC6B184E490C00404D8D /* memory.h */ = {isa = PBXFileReference; fileEncoding = 4; lastKnownFileType = sourcecode.c.h; path = memory.h; sourceTree = "<group>"; };
		D667FC6C184E490C00404D8D /* platform.h */ = {isa = PBXFileReference; fileEncoding = 4; lastKnownFileType = sourcecode.c.h; path = platform.h; sourceTree = "<group>"; };
		D667FC88184E4C9B00404D8D /* ICKLinkedListTest.mm */ = {isa = PBXFileReference; fileEncoding = 4; lastKnownFileType = sourcecode.cpp.objcpp; path = ICKLinkedListTest.mm; sourceTree = "<group>"; };
		D667FC8B184E512300404D8D /* ick.cpp */ = {isa = PBXFileReference; fileEncoding = 4; lastKnownFileType = sourcecode.cpp.cpp; path = ick.cpp; sourceTree = "<group>"; };
		D667FC8C184E512300404D8D /* ick.h */ = {isa = PBXFileReference; fileEncoding = 4; lastKnownFileType = sourcecode.c.h; path = ick.h; sourceTree = "<group>"; };
		D667FC90184F95DD00404D8D /* std.h */ = {isa = PBXFileReference; fileEncoding = 4; lastKnownFileType = sourcecode.c.h; path = std.h; sourceTree = "<group>"; };
		D667FC92184FA29100404D8D /* ICKTestBase.mm */ = {isa = PBXFileReference; fileEncoding = 4; lastKnownFileType = sourcecode.cpp.objcpp; path = ICKTestBase.mm; sourceTree = "<group>"; };
		D667FC95184FA2AA00404D8D /* ICKTestBase.h */ = {isa = PBXFileReference; fileEncoding = 4; lastKnownFileType = sourcecode.c.h; path = ICKTestBase.h; sourceTree = "<group>"; };
		D667FC961852232300404D8D /* array.cpp */ = {isa = PBXFileReference; fileEncoding = 4; lastKnownFileType = sourcecode.cpp.cpp; path = array.cpp; sourceTree = "<group>"; };
		D667FC971852232300404D8D /* array.h */ = {isa = PBXFileReference; fileEncoding = 4; lastKnownFileType = sourcecode.c.h; path = array.h; sourceTree = "<group>"; };
		D667FCA0185231AE00404D8D /* math.cpp */ = {isa = PBXFileReference; fileEncoding = 4; lastKnownFileType = sourcecode.cpp.cpp; path = math.cpp; sourceTree = "<group>"; };
		D667FCA1185231AE00404D8D /* math.h */ = {isa = PBXFileReference; fileEncoding = 4; lastKnownFileType = sourcecode.c.h; path = math.h; sourceTree = "<group>"; };
/* End PBXFileReference section */

/* Begin PBXFrameworksBuildPhase section */
		D667FBB3184CE7AC00404D8D /* Frameworks */ = {
			isa = PBXFrameworksBuildPhase;
			buildActionMask = 2147483647;
			files = (
				D667FBBA184CE7AC00404D8D /* Foundation.framework in Frameworks */,
			);
			runOnlyForDeploymentPostprocessing = 0;
		};
		D667FBC3184CE7AC00404D8D /* Frameworks */ = {
			isa = PBXFrameworksBuildPhase;
			buildActionMask = 2147483647;
			files = (
				D667FBC8184CE7AC00404D8D /* XCTest.framework in Frameworks */,
				D667FBCB184CE7AC00404D8D /* UIKit.framework in Frameworks */,
				D667FBC9184CE7AC00404D8D /* Foundation.framework in Frameworks */,
				D667FBCE184CE7AC00404D8D /* libIronCakeiOS.a in Frameworks */,
			);
			runOnlyForDeploymentPostprocessing = 0;
		};
		D667FBE0184CE84600404D8D /* Frameworks */ = {
			isa = PBXFrameworksBuildPhase;
			buildActionMask = 2147483647;
			files = (
				D667FBE5184CE84600404D8D /* Cocoa.framework in Frameworks */,
			);
			runOnlyForDeploymentPostprocessing = 0;
		};
		D667FBF1184CE84600404D8D /* Frameworks */ = {
			isa = PBXFrameworksBuildPhase;
			buildActionMask = 2147483647;
			files = (
				D667FBF6184CE84600404D8D /* Cocoa.framework in Frameworks */,
				D667FBF5184CE84600404D8D /* XCTest.framework in Frameworks */,
				D667FBF9184CE84600404D8D /* libIronCakeMac.a in Frameworks */,
			);
			runOnlyForDeploymentPostprocessing = 0;
		};
/* End PBXFrameworksBuildPhase section */

/* Begin PBXGroup section */
		D667FBAD184CE7AC00404D8D = {
			isa = PBXGroup;
			children = (
				D667FC09184CE8D500404D8D /* src */,
				D667FC2B184CFAAC00404D8D /* test */,
				D667FBB8184CE7AC00404D8D /* Frameworks */,
				D667FBB7184CE7AC00404D8D /* Products */,
			);
			sourceTree = "<group>";
		};
		D667FBB7184CE7AC00404D8D /* Products */ = {
			isa = PBXGroup;
			children = (
				D667FBB6184CE7AC00404D8D /* libIronCakeiOS.a */,
				D667FBC6184CE7AC00404D8D /* IronCakeiOSTests.xctest */,
				D667FBE3184CE84600404D8D /* libIronCakeMac.a */,
				D667FBF4184CE84600404D8D /* IronCakeMacTests.xctest */,
			);
			name = Products;
			sourceTree = "<group>";
		};
		D667FBB8184CE7AC00404D8D /* Frameworks */ = {
			isa = PBXGroup;
			children = (
				D667FBB9184CE7AC00404D8D /* Foundation.framework */,
				D667FBC7184CE7AC00404D8D /* XCTest.framework */,
				D667FBCA184CE7AC00404D8D /* UIKit.framework */,
				D667FBE4184CE84600404D8D /* Cocoa.framework */,
				D667FBE6184CE84600404D8D /* Other Frameworks */,
			);
			name = Frameworks;
			sourceTree = "<group>";
		};
		D667FBE6184CE84600404D8D /* Other Frameworks */ = {
			isa = PBXGroup;
			children = (
				D667FBE7184CE84600404D8D /* Foundation.framework */,
				D667FBE8184CE84600404D8D /* CoreData.framework */,
				D667FBE9184CE84600404D8D /* AppKit.framework */,
			);
			name = "Other Frameworks";
			sourceTree = "<group>";
		};
		D667FC09184CE8D500404D8D /* src */ = {
			isa = PBXGroup;
			children = (
				D667FC23184CF9CE00404D8D /* ick */,
			);
			name = src;
			path = ../src;
			sourceTree = "<group>";
		};
		D667FC23184CF9CE00404D8D /* ick */ = {
			isa = PBXGroup;
			children = (
				D667FC8C184E512300404D8D /* ick.h */,
				D667FC8B184E512300404D8D /* ick.cpp */,
				D667FC59184E490C00404D8D /* base */,
			);
			path = ick;
			sourceTree = "<group>";
		};
		D667FC2B184CFAAC00404D8D /* test */ = {
			isa = PBXGroup;
			children = (
				D667FC2D184CFAAC00404D8D /* IronCakeTests-Info.plist */,
				D667FC2C184CFAAC00404D8D /* ICKAllocatorTest.mm */,
				D667FC95184FA2AA00404D8D /* ICKTestBase.h */,
				D667FC92184FA29100404D8D /* ICKTestBase.mm */,
				D667FC88184E4C9B00404D8D /* ICKLinkedListTest.mm */,
			);
			path = test;
			sourceTree = "<group>";
		};
		D667FC59184E490C00404D8D /* base */ = {
			isa = PBXGroup;
			children = (
				D667FC6C184E490C00404D8D /* platform.h */,
				D667FC60184E490C00404D8D /* compiler.h */,
				D667FC90184F95DD00404D8D /* std.h */,
				D667FC69184E490C00404D8D /* macro.h */,
				D667FC5D184E490C00404D8D /* allocator.h */,
				D667FC5C184E490C00404D8D /* allocator.cpp */,
				D667FC6B184E490C00404D8D /* memory.h */,
				D667FC6A184E490C00404D8D /* memory.cpp */,
				D667FC64184E490C00404D8D /* cstr.h */,
				D667FC63184E490C00404D8D /* cstr.cpp */,
				D667FC62184E490C00404D8D /* crt.h */,
				D667FC61184E490C00404D8D /* crt.cpp */,
				D667FC68184E490C00404D8D /* log.h */,
				D667FC67184E490C00404D8D /* log.cpp */,
				D667FC5B184E490C00404D8D /* abort.h */,
				D667FC5A184E490C00404D8D /* abort.cpp */,
				D667FC5F184E490C00404D8D /* assert.h */,
				D667FC5E184E490C00404D8D /* assert.cpp */,
				D667FC66184E490C00404D8D /* linked_list.h */,
				D667FC65184E490C00404D8D /* linked_list.cpp */,
				D667FC971852232300404D8D /* array.h */,
				D667FC961852232300404D8D /* array.cpp */,
				D667FCA0185231AE00404D8D /* math.cpp */,
				D667FCA1185231AE00404D8D /* math.h */,
			);
			path = base;
			sourceTree = "<group>";
		};
/* End PBXGroup section */

/* Begin PBXHeadersBuildPhase section */
		D667FBE1184CE84600404D8D /* Headers */ = {
			isa = PBXHeadersBuildPhase;
			buildActionMask = 2147483647;
			files = (
				D667FC91184F95DD00404D8D /* std.h in Headers */,
				D667FC7C184E490C00404D8D /* cstr.h in Headers */,
				D667FC72184E490C00404D8D /* allocator.h in Headers */,
				D667FC7F184E490C00404D8D /* linked_list.h in Headers */,
				D667FC83184E490C00404D8D /* macro.h in Headers */,
				D667FCA4185231AE00404D8D /* math.h in Headers */,
				D667FC87184E490C00404D8D /* platform.h in Headers */,
				D667FC9A1852232300404D8D /* array.h in Headers */,
				D667FC75184E490C00404D8D /* assert.h in Headers */,
				D667FC8F184E512300404D8D /* ick.h in Headers */,
				D667FC6F184E490C00404D8D /* abort.h in Headers */,
				D667FC82184E490C00404D8D /* log.h in Headers */,
				D667FC86184E490C00404D8D /* memory.h in Headers */,
				D667FC79184E490C00404D8D /* crt.h in Headers */,
				D667FC76184E490C00404D8D /* compiler.h in Headers */,
			);
			runOnlyForDeploymentPostprocessing = 0;
		};
/* End PBXHeadersBuildPhase section */

/* Begin PBXNativeTarget section */
		D667FBB5184CE7AC00404D8D /* IronCakeiOS */ = {
			isa = PBXNativeTarget;
			buildConfigurationList = D667FBD9184CE7AC00404D8D /* Build configuration list for PBXNativeTarget "IronCakeiOS" */;
			buildPhases = (
				D667FBB2184CE7AC00404D8D /* Sources */,
				D667FBB3184CE7AC00404D8D /* Frameworks */,
				D667FBB4184CE7AC00404D8D /* CopyFiles */,
			);
			buildRules = (
			);
			dependencies = (
			);
			name = IronCakeiOS;
			productName = IronCake;
			productReference = D667FBB6184CE7AC00404D8D /* libIronCakeiOS.a */;
			productType = "com.apple.product-type.library.static";
		};
		D667FBC5184CE7AC00404D8D /* IronCakeiOSTests */ = {
			isa = PBXNativeTarget;
			buildConfigurationList = D667FBDC184CE7AC00404D8D /* Build configuration list for PBXNativeTarget "IronCakeiOSTests" */;
			buildPhases = (
				D667FBC2184CE7AC00404D8D /* Sources */,
				D667FBC3184CE7AC00404D8D /* Frameworks */,
				D667FBC4184CE7AC00404D8D /* Resources */,
			);
			buildRules = (
			);
			dependencies = (
				D667FBCD184CE7AC00404D8D /* PBXTargetDependency */,
			);
			name = IronCakeiOSTests;
			productName = IronCakeTests;
			productReference = D667FBC6184CE7AC00404D8D /* IronCakeiOSTests.xctest */;
			productType = "com.apple.product-type.bundle.unit-test";
		};
		D667FBE2184CE84600404D8D /* IronCakeMac */ = {
			isa = PBXNativeTarget;
			buildConfigurationList = D667FC02184CE84600404D8D /* Build configuration list for PBXNativeTarget "IronCakeMac" */;
			buildPhases = (
				D667FBDF184CE84600404D8D /* Sources */,
				D667FBE0184CE84600404D8D /* Frameworks */,
				D667FBE1184CE84600404D8D /* Headers */,
			);
			buildRules = (
			);
			dependencies = (
			);
			name = IronCakeMac;
			productName = IronCake;
			productReference = D667FBE3184CE84600404D8D /* libIronCakeMac.a */;
			productType = "com.apple.product-type.library.static";
		};
		D667FBF3184CE84600404D8D /* IronCakeMacTests */ = {
			isa = PBXNativeTarget;
			buildConfigurationList = D667FC05184CE84600404D8D /* Build configuration list for PBXNativeTarget "IronCakeMacTests" */;
			buildPhases = (
				D667FBF0184CE84600404D8D /* Sources */,
				D667FBF1184CE84600404D8D /* Frameworks */,
				D667FBF2184CE84600404D8D /* Resources */,
			);
			buildRules = (
			);
			dependencies = (
				D667FBF8184CE84600404D8D /* PBXTargetDependency */,
			);
			name = IronCakeMacTests;
			productName = IronCakeTests;
			productReference = D667FBF4184CE84600404D8D /* IronCakeMacTests.xctest */;
			productType = "com.apple.product-type.bundle.unit-test";
		};
/* End PBXNativeTarget section */

/* Begin PBXProject section */
		D667FBAE184CE7AC00404D8D /* Project object */ = {
			isa = PBXProject;
			attributes = {
				LastUpgradeCheck = 0500;
				ORGANIZATIONNAME = omochimetaru;
			};
			buildConfigurationList = D667FBB1184CE7AC00404D8D /* Build configuration list for PBXProject "IronCake" */;
			compatibilityVersion = "Xcode 3.2";
			developmentRegion = English;
			hasScannedForEncodings = 0;
			knownRegions = (
				en,
			);
			mainGroup = D667FBAD184CE7AC00404D8D;
			productRefGroup = D667FBB7184CE7AC00404D8D /* Products */;
			projectDirPath = "";
			projectRoot = "";
			targets = (
				D667FBB5184CE7AC00404D8D /* IronCakeiOS */,
				D667FBC5184CE7AC00404D8D /* IronCakeiOSTests */,
				D667FBE2184CE84600404D8D /* IronCakeMac */,
				D667FBF3184CE84600404D8D /* IronCakeMacTests */,
			);
		};
/* End PBXProject section */

/* Begin PBXResourcesBuildPhase section */
		D667FBC4184CE7AC00404D8D /* Resources */ = {
			isa = PBXResourcesBuildPhase;
			buildActionMask = 2147483647;
			files = (
			);
			runOnlyForDeploymentPostprocessing = 0;
		};
		D667FBF2184CE84600404D8D /* Resources */ = {
			isa = PBXResourcesBuildPhase;
			buildActionMask = 2147483647;
			files = (
			);
			runOnlyForDeploymentPostprocessing = 0;
		};
/* End PBXResourcesBuildPhase section */

/* Begin PBXSourcesBuildPhase section */
		D667FBB2184CE7AC00404D8D /* Sources */ = {
			isa = PBXSourcesBuildPhase;
			buildActionMask = 2147483647;
			files = (
				D667FC7D184E490C00404D8D /* linked_list.cpp in Sources */,
				D667FC73184E490C00404D8D /* assert.cpp in Sources */,
				D667FC80184E490C00404D8D /* log.cpp in Sources */,
				D667FC8D184E512300404D8D /* ick.cpp in Sources */,
				D667FC77184E490C00404D8D /* crt.cpp in Sources */,
				D667FC84184E490C00404D8D /* memory.cpp in Sources */,
				D667FCA2185231AE00404D8D /* math.cpp in Sources */,
				D667FC6D184E490C00404D8D /* abort.cpp in Sources */,
				D667FC981852232300404D8D /* array.cpp in Sources */,
				D667FC7A184E490C00404D8D /* cstr.cpp in Sources */,
				D667FC70184E490C00404D8D /* allocator.cpp in Sources */,
			);
			runOnlyForDeploymentPostprocessing = 0;
		};
		D667FBC2184CE7AC00404D8D /* Sources */ = {
			isa = PBXSourcesBuildPhase;
			buildActionMask = 2147483647;
			files = (
				D667FC89184E4C9B00404D8D /* ICKLinkedListTest.mm in Sources */,
				D667FC2E184CFAAC00404D8D /* ICKAllocatorTest.mm in Sources */,
				D667FC93184FA29100404D8D /* ICKTestBase.mm in Sources */,
			);
			runOnlyForDeploymentPostprocessing = 0;
		};
		D667FBDF184CE84600404D8D /* Sources */ = {
			isa = PBXSourcesBuildPhase;
			buildActionMask = 2147483647;
			files = (
				D667FC7E184E490C00404D8D /* linked_list.cpp in Sources */,
				D667FC74184E490C00404D8D /* assert.cpp in Sources */,
				D667FC81184E490C00404D8D /* log.cpp in Sources */,
				D667FC8E184E512300404D8D /* ick.cpp in Sources */,
				D667FC78184E490C00404D8D /* crt.cpp in Sources */,
				D667FC85184E490C00404D8D /* memory.cpp in Sources */,
				D667FCA3185231AE00404D8D /* math.cpp in Sources */,
				D667FC6E184E490C00404D8D /* abort.cpp in Sources */,
				D667FC991852232300404D8D /* array.cpp in Sources */,
				D667FC7B184E490C00404D8D /* cstr.cpp in Sources */,
				D667FC71184E490C00404D8D /* allocator.cpp in Sources */,
			);
			runOnlyForDeploymentPostprocessing = 0;
		};
		D667FBF0184CE84600404D8D /* Sources */ = {
			isa = PBXSourcesBuildPhase;
			buildActionMask = 2147483647;
			files = (
				D667FC8A184E4C9B00404D8D /* ICKLinkedListTest.mm in Sources */,
				D667FC2F184CFAAC00404D8D /* ICKAllocatorTest.mm in Sources */,
				D667FC94184FA29100404D8D /* ICKTestBase.mm in Sources */,
			);
			runOnlyForDeploymentPostprocessing = 0;
		};
/* End PBXSourcesBuildPhase section */

/* Begin PBXTargetDependency section */
		D667FBCD184CE7AC00404D8D /* PBXTargetDependency */ = {
			isa = PBXTargetDependency;
			target = D667FBB5184CE7AC00404D8D /* IronCakeiOS */;
			targetProxy = D667FBCC184CE7AC00404D8D /* PBXContainerItemProxy */;
		};
		D667FBF8184CE84600404D8D /* PBXTargetDependency */ = {
			isa = PBXTargetDependency;
			target = D667FBE2184CE84600404D8D /* IronCakeMac */;
			targetProxy = D667FBF7184CE84600404D8D /* PBXContainerItemProxy */;
		};
/* End PBXTargetDependency section */

/* Begin XCBuildConfiguration section */
		D667FBD7184CE7AC00404D8D /* Debug */ = {
			isa = XCBuildConfiguration;
			buildSettings = {
				ALWAYS_SEARCH_USER_PATHS = NO;
				ARCHS = "$(ARCHS_STANDARD_INCLUDING_64_BIT)";
				CLANG_CXX_LANGUAGE_STANDARD = "gnu++0x";
				CLANG_CXX_LIBRARY = "libc++";
				CLANG_ENABLE_MODULES = YES;
				CLANG_ENABLE_OBJC_ARC = YES;
				CLANG_WARN_BOOL_CONVERSION = YES;
				CLANG_WARN_CONSTANT_CONVERSION = YES;
				CLANG_WARN_DIRECT_OBJC_ISA_USAGE = YES_ERROR;
				CLANG_WARN_EMPTY_BODY = YES;
				CLANG_WARN_ENUM_CONVERSION = YES;
				CLANG_WARN_INT_CONVERSION = YES;
				CLANG_WARN_OBJC_ROOT_CLASS = YES_ERROR;
				CLANG_WARN__DUPLICATE_METHOD_MATCH = YES;
				COPY_PHASE_STRIP = NO;
				GCC_C_LANGUAGE_STANDARD = gnu99;
				GCC_DYNAMIC_NO_PIC = NO;
				GCC_OPTIMIZATION_LEVEL = 0;
				GCC_PREPROCESSOR_DEFINITIONS = (
					"DEBUG=1",
					"$(inherited)",
				);
				GCC_SYMBOLS_PRIVATE_EXTERN = NO;
				GCC_WARN_64_TO_32_BIT_CONVERSION = YES;
				GCC_WARN_ABOUT_RETURN_TYPE = YES_ERROR;
				GCC_WARN_UNDECLARED_SELECTOR = YES;
				GCC_WARN_UNINITIALIZED_AUTOS = YES;
				GCC_WARN_UNUSED_FUNCTION = YES;
				GCC_WARN_UNUSED_VARIABLE = YES;
				HEADER_SEARCH_PATHS = (
					"$(inherited)",
					/Applications/Xcode.app/Contents/Developer/Toolchains/XcodeDefault.xctoolchain/usr/include,
					../src,
				);
				IPHONEOS_DEPLOYMENT_TARGET = 7.0;
				ONLY_ACTIVE_ARCH = YES;
				SDKROOT = iphoneos;
			};
			name = Debug;
		};
		D667FBD8184CE7AC00404D8D /* Release */ = {
			isa = XCBuildConfiguration;
			buildSettings = {
				ALWAYS_SEARCH_USER_PATHS = NO;
				ARCHS = "$(ARCHS_STANDARD_INCLUDING_64_BIT)";
				CLANG_CXX_LANGUAGE_STANDARD = "gnu++0x";
				CLANG_CXX_LIBRARY = "libc++";
				CLANG_ENABLE_MODULES = YES;
				CLANG_ENABLE_OBJC_ARC = YES;
				CLANG_WARN_BOOL_CONVERSION = YES;
				CLANG_WARN_CONSTANT_CONVERSION = YES;
				CLANG_WARN_DIRECT_OBJC_ISA_USAGE = YES_ERROR;
				CLANG_WARN_EMPTY_BODY = YES;
				CLANG_WARN_ENUM_CONVERSION = YES;
				CLANG_WARN_INT_CONVERSION = YES;
				CLANG_WARN_OBJC_ROOT_CLASS = YES_ERROR;
				CLANG_WARN__DUPLICATE_METHOD_MATCH = YES;
				COPY_PHASE_STRIP = YES;
				ENABLE_NS_ASSERTIONS = NO;
				GCC_C_LANGUAGE_STANDARD = gnu99;
				GCC_WARN_64_TO_32_BIT_CONVERSION = YES;
				GCC_WARN_ABOUT_RETURN_TYPE = YES_ERROR;
				GCC_WARN_UNDECLARED_SELECTOR = YES;
				GCC_WARN_UNINITIALIZED_AUTOS = YES;
				GCC_WARN_UNUSED_FUNCTION = YES;
				GCC_WARN_UNUSED_VARIABLE = YES;
				HEADER_SEARCH_PATHS = (
					"$(inherited)",
					/Applications/Xcode.app/Contents/Developer/Toolchains/XcodeDefault.xctoolchain/usr/include,
					../src,
				);
				IPHONEOS_DEPLOYMENT_TARGET = 7.0;
				SDKROOT = iphoneos;
				VALIDATE_PRODUCT = YES;
			};
			name = Release;
		};
		D667FBDA184CE7AC00404D8D /* Debug */ = {
			isa = XCBuildConfiguration;
			buildSettings = {
				DSTROOT = /tmp/IronCake.dst;
				OTHER_LDFLAGS = "-ObjC";
				PRODUCT_NAME = "$(TARGET_NAME)";
				SKIP_INSTALL = YES;
			};
			name = Debug;
		};
		D667FBDB184CE7AC00404D8D /* Release */ = {
			isa = XCBuildConfiguration;
			buildSettings = {
				DSTROOT = /tmp/IronCake.dst;
				OTHER_LDFLAGS = "-ObjC";
				PRODUCT_NAME = "$(TARGET_NAME)";
				SKIP_INSTALL = YES;
			};
			name = Release;
		};
		D667FBDD184CE7AC00404D8D /* Debug */ = {
			isa = XCBuildConfiguration;
			buildSettings = {
				ARCHS = "$(ARCHS_STANDARD_INCLUDING_64_BIT)";
				FRAMEWORK_SEARCH_PATHS = (
					"$(SDKROOT)/Developer/Library/Frameworks",
					"$(inherited)",
					"$(DEVELOPER_FRAMEWORKS_DIR)",
				);
				GCC_PREPROCESSOR_DEFINITIONS = (
					"DEBUG=1",
					"$(inherited)",
				);
				INFOPLIST_FILE = "test/IronCakeTests-Info.plist";
				PRODUCT_NAME = "$(TARGET_NAME)";
				WRAPPER_EXTENSION = xctest;
			};
			name = Debug;
		};
		D667FBDE184CE7AC00404D8D /* Release */ = {
			isa = XCBuildConfiguration;
			buildSettings = {
				ARCHS = "$(ARCHS_STANDARD_INCLUDING_64_BIT)";
				FRAMEWORK_SEARCH_PATHS = (
					"$(SDKROOT)/Developer/Library/Frameworks",
					"$(inherited)",
					"$(DEVELOPER_FRAMEWORKS_DIR)",
				);
				INFOPLIST_FILE = "test/IronCakeTests-Info.plist";
				PRODUCT_NAME = "$(TARGET_NAME)";
				WRAPPER_EXTENSION = xctest;
			};
			name = Release;
		};
		D667FC03184CE84600404D8D /* Debug */ = {
			isa = XCBuildConfiguration;
			buildSettings = {
				FRAMEWORK_SEARCH_PATHS = (
					"$(inherited)",
					"$(DEVELOPER_FRAMEWORKS_DIR)",
				);
				GCC_ENABLE_OBJC_EXCEPTIONS = YES;
				GCC_PREPROCESSOR_DEFINITIONS = (
					"DEBUG=1",
					"$(inherited)",
					ICK_MEMORY_DEBUG,
				);
				MACOSX_DEPLOYMENT_TARGET = 10.9;
				PRODUCT_NAME = "$(TARGET_NAME)";
				SDKROOT = macosx;
			};
			name = Debug;
		};
		D667FC04184CE84600404D8D /* Release */ = {
			isa = XCBuildConfiguration;
			buildSettings = {
				DEBUG_INFORMATION_FORMAT = "dwarf-with-dsym";
				FRAMEWORK_SEARCH_PATHS = (
					"$(inherited)",
					"$(DEVELOPER_FRAMEWORKS_DIR)",
				);
				GCC_ENABLE_OBJC_EXCEPTIONS = YES;
				MACOSX_DEPLOYMENT_TARGET = 10.9;
				PRODUCT_NAME = "$(TARGET_NAME)";
				SDKROOT = macosx;
			};
			name = Release;
		};
		D667FC06184CE84600404D8D /* Debug */ = {
			isa = XCBuildConfiguration;
			buildSettings = {
				COMBINE_HIDPI_IMAGES = YES;
				FRAMEWORK_SEARCH_PATHS = (
					"$(DEVELOPER_FRAMEWORKS_DIR)",
					"$(inherited)",
				);
				GCC_ENABLE_OBJC_EXCEPTIONS = YES;
				GCC_PREPROCESSOR_DEFINITIONS = (
					"DEBUG=1",
					"$(inherited)",
					ICK_MEMORY_DEBUG,
				);
				INFOPLIST_FILE = "test/IronCakeTests-Info.plist";
				MACOSX_DEPLOYMENT_TARGET = 10.9;
				PRODUCT_NAME = "$(TARGET_NAME)";
				SDKROOT = macosx;
				WRAPPER_EXTENSION = xctest;
			};
			name = Debug;
		};
		D667FC07184CE84600404D8D /* Release */ = {
			isa = XCBuildConfiguration;
			buildSettings = {
				COMBINE_HIDPI_IMAGES = YES;
				DEBUG_INFORMATION_FORMAT = "dwarf-with-dsym";
				FRAMEWORK_SEARCH_PATHS = (
					"$(DEVELOPER_FRAMEWORKS_DIR)",
					"$(inherited)",
				);
				GCC_ENABLE_OBJC_EXCEPTIONS = YES;
				INFOPLIST_FILE = "test/IronCakeTests-Info.plist";
				MACOSX_DEPLOYMENT_TARGET = 10.9;
				PRODUCT_NAME = "$(TARGET_NAME)";
				SDKROOT = macosx;
				WRAPPER_EXTENSION = xctest;
			};
			name = Release;
		};
/* End XCBuildConfiguration section */

/* Begin XCConfigurationList section */
		D667FBB1184CE7AC00404D8D /* Build configuration list for PBXProject "IronCake" */ = {
			isa = XCConfigurationList;
			buildConfigurations = (
				D667FBD7184CE7AC00404D8D /* Debug */,
				D667FBD8184CE7AC00404D8D /* Release */,
			);
			defaultConfigurationIsVisible = 0;
			defaultConfigurationName = Release;
		};
		D667FBD9184CE7AC00404D8D /* Build configuration list for PBXNativeTarget "IronCakeiOS" */ = {
			isa = XCConfigurationList;
			buildConfigurations = (
				D667FBDA184CE7AC00404D8D /* Debug */,
				D667FBDB184CE7AC00404D8D /* Release */,
			);
			defaultConfigurationIsVisible = 0;
			defaultConfigurationName = Release;
		};
		D667FBDC184CE7AC00404D8D /* Build configuration list for PBXNativeTarget "IronCakeiOSTests" */ = {
			isa = XCConfigurationList;
			buildConfigurations = (
				D667FBDD184CE7AC00404D8D /* Debug */,
				D667FBDE184CE7AC00404D8D /* Release */,
			);
			defaultConfigurationIsVisible = 0;
			defaultConfigurationName = Release;
		};
		D667FC02184CE84600404D8D /* Build configuration list for PBXNativeTarget "IronCakeMac" */ = {
			isa = XCConfigurationList;
			buildConfigurations = (
				D667FC03184CE84600404D8D /* Debug */,
				D667FC04184CE84600404D8D /* Release */,
			);
			defaultConfigurationIsVisible = 0;
			defaultConfigurationName = Release;
		};
		D667FC05184CE84600404D8D /* Build configuration list for PBXNativeTarget "IronCakeMacTests" */ = {
			isa = XCConfigurationList;
			buildConfigurations = (
				D667FC06184CE84600404D8D /* Debug */,
				D667FC07184CE84600404D8D /* Release */,
			);
			defaultConfigurationIsVisible = 0;
			defaultConfigurationName = Release;
		};
/* End XCConfigurationList section */
	};
	rootObject = D667FBAE184CE7AC00404D8D /* Project object */;
}
