<?xml version="1.0" encoding="utf-8"?>
<Project ToolsVersion="4.0" xmlns="http://schemas.microsoft.com/developer/msbuild/2003">
  <ItemGroup>
    <Filter Include="ick">
      <UniqueIdentifier>{224caf43-e773-49a4-a3bd-7d2e8039539f}</UniqueIdentifier>
    </Filter>
    <Filter Include="ick\base">
      <UniqueIdentifier>{f6286743-8feb-4e55-8317-1c38365bc0f5}</UniqueIdentifier>
    </Filter>
    <Filter Include="ick\function">
      <UniqueIdentifier>{8d7299f1-e32f-4a11-badb-3864ee5ab75b}</UniqueIdentifier>
    </Filter>
    <Filter Include="ick\thread">
      <UniqueIdentifier>{1de0a02b-c67a-417d-9f7e-00dc4b9f26f9}</UniqueIdentifier>
    </Filter>
    <Filter Include="ick\windows">
      <UniqueIdentifier>{7818fad9-1a09-4d88-838f-9b96f4b50ce7}</UniqueIdentifier>
    </Filter>
  </ItemGroup>
  <ItemGroup>
    <ClCompile Include="..\..\src\ick\ick.cpp">
      <Filter>ick</Filter>
    </ClCompile>
    <ClCompile Include="..\..\src\ick\base\abort.cpp">
      <Filter>ick\base</Filter>
    </ClCompile>
    <ClCompile Include="..\..\src\ick\base\allocator.cpp">
      <Filter>ick\base</Filter>
    </ClCompile>
    <ClCompile Include="..\..\src\ick\base\array.cpp">
      <Filter>ick\base</Filter>
    </ClCompile>
    <ClCompile Include="..\..\src\ick\base\assert.cpp">
      <Filter>ick\base</Filter>
    </ClCompile>
    <ClCompile Include="..\..\src\ick\base\crt.cpp">
      <Filter>ick\base</Filter>
    </ClCompile>
    <ClCompile Include="..\..\src\ick\base\cstr.cpp">
      <Filter>ick\base</Filter>
    </ClCompile>
    <ClCompile Include="..\..\src\ick\base\linked_list.cpp">
      <Filter>ick\base</Filter>
    </ClCompile>
    <ClCompile Include="..\..\src\ick\base\log.cpp">
      <Filter>ick\base</Filter>
    </ClCompile>
    <ClCompile Include="..\..\src\ick\base\math.cpp">
      <Filter>ick\base</Filter>
    </ClCompile>
    <ClCompile Include="..\..\src\ick\base\memory.cpp">
      <Filter>ick\base</Filter>
    </ClCompile>
    <ClCompile Include="..\..\src\ick\base\string.cpp">
      <Filter>ick\base</Filter>
    </ClCompile>
    <ClCompile Include="..\..\src\ick\base\error.cpp">
      <Filter>ick\base</Filter>
    </ClCompile>
    <ClCompile Include="..\..\src\ick\function\function.cpp">
      <Filter>ick\function</Filter>
    </ClCompile>
    <ClCompile Include="..\..\src\ick\thread\function_thread.cpp">
      <Filter>ick\thread</Filter>
    </ClCompile>
    <ClCompile Include="..\..\src\ick\thread\mutex.cpp">
      <Filter>ick\thread</Filter>
    </ClCompile>
    <ClCompile Include="..\..\src\ick\thread\thread.cpp">
      <Filter>ick\thread</Filter>
    </ClCompile>
    <ClCompile Include="..\..\src\ick\windows\tchar.cpp">
      <Filter>ick\windows</Filter>
    </ClCompile>
    <ClCompile Include="..\..\src\ick\windows\error.cpp">
      <Filter>ick\windows</Filter>
    </ClCompile>
    <ClCompile Include="..\..\src\ick\base\time.cpp">
      <Filter>ick\base</Filter>
    </ClCompile>
    <ClCompile Include="..\..\src\ick\base\debug_allocator.cpp">
      <Filter>ick\base</Filter>
    </ClCompile>
    <ClCompile Include="..\..\src\ick\base\property.cpp">
      <Filter>ick\base</Filter>
    </ClCompile>
  </ItemGroup>
  <ItemGroup>
    <ClInclude Include="..\..\src\ick\ick.h">
      <Filter>ick</Filter>
    </ClInclude>
    <ClInclude Include="..\..\src\ick\base\abort.h">
      <Filter>ick\base</Filter>
    </ClInclude>
    <ClInclude Include="..\..\src\ick\base\allocator.h">
      <Filter>ick\base</Filter>
    </ClInclude>
    <ClInclude Include="..\..\src\ick\base\array.h">
      <Filter>ick\base</Filter>
    </ClInclude>
    <ClInclude Include="..\..\src\ick\base\array_decl.h">
      <Filter>ick\base</Filter>
    </ClInclude>
    <ClInclude Include="..\..\src\ick\base\assert.h">
      <Filter>ick\base</Filter>
    </ClInclude>
    <ClInclude Include="..\..\src\ick\base\build.h">
      <Filter>ick\base</Filter>
    </ClInclude>
    <ClInclude Include="..\..\src\ick\base\compiler.h">
      <Filter>ick\base</Filter>
    </ClInclude>
    <ClInclude Include="..\..\src\ick\base\crt.h">
      <Filter>ick\base</Filter>
    </ClInclude>
    <ClInclude Include="..\..\src\ick\base\cstr.h">
      <Filter>ick\base</Filter>
    </ClInclude>
    <ClInclude Include="..\..\src\ick\base\linked_list.h">
      <Filter>ick\base</Filter>
    </ClInclude>
    <ClInclude Include="..\..\src\ick\base\log.h">
      <Filter>ick\base</Filter>
    </ClInclude>
    <ClInclude Include="..\..\src\ick\base\macro.h">
      <Filter>ick\base</Filter>
    </ClInclude>
    <ClInclude Include="..\..\src\ick\base\math.h">
      <Filter>ick\base</Filter>
    </ClInclude>
    <ClInclude Include="..\..\src\ick\base\memory.h">
      <Filter>ick\base</Filter>
    </ClInclude>
    <ClInclude Include="..\..\src\ick\base\platform.h">
      <Filter>ick\base</Filter>
    </ClInclude>
    <ClInclude Include="..\..\src\ick\base\std.h">
      <Filter>ick\base</Filter>
    </ClInclude>
    <ClInclude Include="..\..\src\ick\base\string.h">
      <Filter>ick\base</Filter>
    </ClInclude>
    <ClInclude Include="..\..\src\ick\base\error.h">
      <Filter>ick\base</Filter>
    </ClInclude>
    <ClInclude Include="..\..\src\ick\function\function.h">
      <Filter>ick\function</Filter>
    </ClInclude>
    <ClInclude Include="..\..\src\ick\function\function_bind.h">
      <Filter>ick\function</Filter>
    </ClInclude>
    <ClInclude Include="..\..\src\ick\function\function_bind_decl.h">
      <Filter>ick\function</Filter>
    </ClInclude>
    <ClInclude Include="..\..\src\ick\function\functor_holder.h">
      <Filter>ick\function</Filter>
    </ClInclude>
    <ClInclude Include="..\..\src\ick\thread\function_thread.h">
      <Filter>ick\thread</Filter>
    </ClInclude>
    <ClInclude Include="..\..\src\ick\thread\mutex.h">
      <Filter>ick\thread</Filter>
    </ClInclude>
    <ClInclude Include="..\..\src\ick\thread\runnable.h">
      <Filter>ick\thread</Filter>
    </ClInclude>
    <ClInclude Include="..\..\src\ick\thread\thread.h">
      <Filter>ick\thread</Filter>
    </ClInclude>
    <ClInclude Include="..\..\src\ick\windows\tchar.h">
      <Filter>ick\windows</Filter>
    </ClInclude>
    <ClInclude Include="..\..\src\ick\windows\error.h">
      <Filter>ick\windows</Filter>
    </ClInclude>
    <ClInclude Include="..\..\src\ick\base\time.h">
      <Filter>ick\base</Filter>
    </ClInclude>
    <ClInclude Include="..\..\src\ick\base\debug_allocator.h">
      <Filter>ick\base</Filter>
    </ClInclude>
    <ClInclude Include="..\..\src\ick\base\property.h">
      <Filter>ick\base</Filter>
    </ClInclude>
  </ItemGroup>
</Project>